<?xml version="1.0" encoding="UTF-8"?>
<!DOCTYPE plist PUBLIC "-//Apple//DTD PLIST 1.0//EN" "http://www.apple.com/DTDs/PropertyList-1.0.dtd">
<plist version="1.0">
<dict>
	<key>archiveVersion</key>
	<string>1</string>
	<key>classes</key>
	<dict/>
	<key>objectVersion</key>
	<string>46</string>
	<key>objects</key>
	<dict>
		<key>00CC5B40E656DA232B24EC0B</key>
		<dict>
			<key>children</key>
			<array>
				<string>42DFA03D40D33A45F08DB54E</string>
				<string>EA5FC67C57E8B84E0FDB1BF3</string>
			</array>
			<key>isa</key>
			<string>PBXGroup</string>
			<key>name</key>
			<string>Pods</string>
			<key>sourceTree</key>
			<string>&lt;group&gt;</string>
		</dict>
		<key>27A52C211012FCD64FAAA175</key>
		<dict>
			<key>children</key>
			<array>
				<string>33017D018EE70C603E1C1CFD</string>
			</array>
			<key>isa</key>
			<string>PBXGroup</string>
			<key>name</key>
			<string>Frameworks</string>
			<key>sourceTree</key>
			<string>&lt;group&gt;</string>
		</dict>
		<key>33017D018EE70C603E1C1CFD</key>
		<dict>
			<key>explicitFileType</key>
			<string>wrapper.framework</string>
			<key>includeInIndex</key>
			<string>0</string>
			<key>isa</key>
			<string>PBXFileReference</string>
			<key>path</key>
			<string>Pods_iOSRecruitmentTest.framework</string>
			<key>sourceTree</key>
			<string>BUILT_PRODUCTS_DIR</string>
		</dict>
		<key>36CC86967B75119AA48AB463</key>
		<dict>
			<key>buildActionMask</key>
			<string>2147483647</string>
			<key>files</key>
			<array/>
			<key>inputPaths</key>
			<array/>
			<key>isa</key>
			<string>PBXShellScriptBuildPhase</string>
			<key>name</key>
			<string>&#128230; Check Pods Manifest.lock</string>
			<key>outputPaths</key>
			<array/>
			<key>runOnlyForDeploymentPostprocessing</key>
			<string>0</string>
			<key>shellPath</key>
			<string>/bin/sh</string>
			<key>shellScript</key>
			<string>diff "${PODS_ROOT}/../Podfile.lock" "${PODS_ROOT}/Manifest.lock" &gt; /dev/null
if [[ $? != 0 ]] ; then
    cat &lt;&lt; EOM
error: The sandbox is not in sync with the Podfile.lock. Run 'pod install' or update your CocoaPods installation.
EOM
    exit 1
fi
</string>
			<key>showEnvVarsInLog</key>
			<string>0</string>
		</dict>
		<key>42DFA03D40D33A45F08DB54E</key>
		<dict>
			<key>includeInIndex</key>
			<string>1</string>
			<key>isa</key>
			<string>PBXFileReference</string>
			<key>lastKnownFileType</key>
			<string>text.xcconfig</string>
			<key>name</key>
			<string>Pods-iOSRecruitmentTest.debug.xcconfig</string>
			<key>path</key>
			<string>Pods/Target Support Files/Pods-iOSRecruitmentTest/Pods-iOSRecruitmentTest.debug.xcconfig</string>
			<key>sourceTree</key>
			<string>&lt;group&gt;</string>
		</dict>
		<key>4FC3B3029CDB8B6EB6CAA0D0</key>
		<dict>
			<key>buildActionMask</key>
			<string>2147483647</string>
			<key>files</key>
			<array/>
			<key>inputPaths</key>
			<array/>
			<key>isa</key>
			<string>PBXShellScriptBuildPhase</string>
			<key>name</key>
			<string>&#128230; Embed Pods Frameworks</string>
			<key>outputPaths</key>
			<array/>
			<key>runOnlyForDeploymentPostprocessing</key>
			<string>0</string>
			<key>shellPath</key>
			<string>/bin/sh</string>
			<key>shellScript</key>
			<string>"${SRCROOT}/Pods/Target Support Files/Pods-iOSRecruitmentTest/Pods-iOSRecruitmentTest-frameworks.sh"
</string>
			<key>showEnvVarsInLog</key>
			<string>0</string>
		</dict>
		<key>5765223E536573ED6E8510ED</key>
		<dict>
			<key>fileRef</key>
			<string>33017D018EE70C603E1C1CFD</string>
			<key>isa</key>
			<string>PBXBuildFile</string>
		</dict>
		<key>6AAF5E9409C9D2E0ED607887</key>
		<dict>
			<key>buildActionMask</key>
			<string>2147483647</string>
			<key>files</key>
			<array/>
			<key>inputPaths</key>
			<array/>
			<key>isa</key>
			<string>PBXShellScriptBuildPhase</string>
			<key>name</key>
			<string>Embed Pods Frameworks</string>
			<key>outputPaths</key>
			<array/>
			<key>runOnlyForDeploymentPostprocessing</key>
			<string>0</string>
			<key>shellPath</key>
			<string>/bin/sh</string>
			<key>shellScript</key>
			<string>"${SRCROOT}/Pods/Target Support Files/Pods-iOSRecruitmentTest/Pods-iOSRecruitmentTest-frameworks.sh"
</string>
			<key>showEnvVarsInLog</key>
			<string>0</string>
		</dict>
		<key>B1441DC91D43257E00EB8C97</key>
		<dict>
			<key>children</key>
			<array>
				<string>B1441DCA1D432C0300EB8C97</string>
				<string>B1441DCB1D432C0300EB8C97</string>
				<string>B1441DCE1D432D3900EB8C97</string>
				<string>D93FDE481D114DEA00AB8D9B</string>
			</array>
			<key>isa</key>
			<string>PBXGroup</string>
			<key>name</key>
			<string>Core Data</string>
			<key>sourceTree</key>
			<string>&lt;group&gt;</string>
		</dict>
		<key>B1441DCA1D432C0300EB8C97</key>
		<dict>
			<key>fileEncoding</key>
			<string>4</string>
			<key>isa</key>
			<string>PBXFileReference</string>
			<key>lastKnownFileType</key>
			<string>sourcecode.swift</string>
			<key>path</key>
			<string>Item+CoreDataProperties.swift</string>
			<key>sourceTree</key>
			<string>&lt;group&gt;</string>
		</dict>
		<key>B1441DCB1D432C0300EB8C97</key>
		<dict>
			<key>fileEncoding</key>
			<string>4</string>
			<key>isa</key>
			<string>PBXFileReference</string>
			<key>lastKnownFileType</key>
			<string>sourcecode.swift</string>
			<key>path</key>
			<string>Item.swift</string>
			<key>sourceTree</key>
			<string>&lt;group&gt;</string>
		</dict>
		<key>B1441DCC1D432C0300EB8C97</key>
		<dict>
			<key>fileRef</key>
			<string>B1441DCA1D432C0300EB8C97</string>
			<key>isa</key>
			<string>PBXBuildFile</string>
		</dict>
		<key>B1441DCD1D432C0300EB8C97</key>
		<dict>
			<key>fileRef</key>
			<string>B1441DCB1D432C0300EB8C97</string>
			<key>isa</key>
			<string>PBXBuildFile</string>
		</dict>
		<key>B1441DCE1D432D3900EB8C97</key>
		<dict>
			<key>fileEncoding</key>
			<string>4</string>
			<key>isa</key>
			<string>PBXFileReference</string>
			<key>lastKnownFileType</key>
			<string>sourcecode.swift</string>
			<key>path</key>
			<string>CoreDataManager.swift</string>
			<key>sourceTree</key>
			<string>&lt;group&gt;</string>
		</dict>
		<key>B1441DCF1D432D3900EB8C97</key>
		<dict>
			<key>fileRef</key>
			<string>B1441DCE1D432D3900EB8C97</string>
			<key>isa</key>
			<string>PBXBuildFile</string>
		</dict>
		<key>BFE51B995C5F64991EB4532F</key>
		<dict>
			<key>buildActionMask</key>
			<string>2147483647</string>
			<key>files</key>
			<array/>
			<key>inputPaths</key>
			<array/>
			<key>isa</key>
			<string>PBXShellScriptBuildPhase</string>
			<key>name</key>
			<string>&#128230; Copy Pods Resources</string>
			<key>outputPaths</key>
			<array/>
			<key>runOnlyForDeploymentPostprocessing</key>
			<string>0</string>
			<key>shellPath</key>
			<string>/bin/sh</string>
			<key>shellScript</key>
			<string>"${SRCROOT}/Pods/Target Support Files/Pods-iOSRecruitmentTest/Pods-iOSRecruitmentTest-resources.sh"
</string>
			<key>showEnvVarsInLog</key>
			<string>0</string>
		</dict>
		<key>D93FDE351D114DEA00AB8D9B</key>
		<dict>
			<key>children</key>
			<array>
				<string>D93FDE401D114DEA00AB8D9B</string>
				<string>D93FDE3F1D114DEA00AB8D9B</string>
				<string>00CC5B40E656DA232B24EC0B</string>
				<string>27A52C211012FCD64FAAA175</string>
			</array>
			<key>isa</key>
			<string>PBXGroup</string>
			<key>sourceTree</key>
			<string>&lt;group&gt;</string>
		</dict>
		<key>D93FDE361D114DEA00AB8D9B</key>
		<dict>
			<key>attributes</key>
			<dict>
				<key>LastSwiftUpdateCheck</key>
				<string>0730</string>
				<key>LastUpgradeCheck</key>
				<string>0730</string>
				<key>ORGANIZATIONNAME</key>
				<string>Snowdog</string>
				<key>TargetAttributes</key>
				<dict>
					<key>D93FDE3D1D114DEA00AB8D9B</key>
					<dict>
						<key>CreatedOnToolsVersion</key>
						<string>7.3</string>
					</dict>
				</dict>
			</dict>
			<key>buildConfigurationList</key>
			<string>D93FDE391D114DEA00AB8D9B</string>
			<key>compatibilityVersion</key>
			<string>Xcode 3.2</string>
			<key>developmentRegion</key>
			<string>English</string>
			<key>hasScannedForEncodings</key>
			<string>0</string>
			<key>isa</key>
			<string>PBXProject</string>
			<key>knownRegions</key>
			<array>
				<string>en</string>
				<string>Base</string>
			</array>
			<key>mainGroup</key>
			<string>D93FDE351D114DEA00AB8D9B</string>
			<key>productRefGroup</key>
			<string>D93FDE3F1D114DEA00AB8D9B</string>
			<key>projectDirPath</key>
			<string></string>
			<key>projectReferences</key>
			<array/>
			<key>projectRoot</key>
			<string></string>
			<key>targets</key>
			<array>
				<string>D93FDE3D1D114DEA00AB8D9B</string>
			</array>
		</dict>
		<key>D93FDE391D114DEA00AB8D9B</key>
		<dict>
			<key>buildConfigurations</key>
			<array>
				<string>D93FDE511D114DEA00AB8D9B</string>
				<string>D93FDE521D114DEA00AB8D9B</string>
			</array>
			<key>defaultConfigurationIsVisible</key>
			<string>0</string>
			<key>defaultConfigurationName</key>
			<string>Release</string>
			<key>isa</key>
			<string>XCConfigurationList</string>
		</dict>
		<key>D93FDE3A1D114DEA00AB8D9B</key>
		<dict>
			<key>buildActionMask</key>
			<string>2147483647</string>
			<key>files</key>
			<array>
				<string>D93FDE581D114E7A00AB8D9B</string>
				<string>D93FDE5C1D114F9300AB8D9B</string>
				<string>D93FDE4A1D114DEA00AB8D9B</string>
				<string>D93FDE421D114DEA00AB8D9B</string>
				<string>B1441DCD1D432C0300EB8C97</string>
				<string>B1441DCF1D432D3900EB8C97</string>
				<string>B1441DCC1D432C0300EB8C97</string>
			</array>
			<key>isa</key>
			<string>PBXSourcesBuildPhase</string>
			<key>runOnlyForDeploymentPostprocessing</key>
			<string>0</string>
		</dict>
		<key>D93FDE3B1D114DEA00AB8D9B</key>
		<dict>
			<key>buildActionMask</key>
			<string>2147483647</string>
			<key>files</key>
			<array>
				<string>5765223E536573ED6E8510ED</string>
			</array>
			<key>isa</key>
			<string>PBXFrameworksBuildPhase</string>
			<key>runOnlyForDeploymentPostprocessing</key>
			<string>0</string>
		</dict>
		<key>D93FDE3C1D114DEA00AB8D9B</key>
		<dict>
			<key>buildActionMask</key>
			<string>2147483647</string>
			<key>files</key>
			<array>
				<string>D93FDE591D114E7A00AB8D9B</string>
				<string>D93FDE5D1D114F9300AB8D9B</string>
				<string>D93FDE5F1D11517400AB8D9B</string>
				<string>D93FDE4C1D114DEA00AB8D9B</string>
			</array>
			<key>isa</key>
			<string>PBXResourcesBuildPhase</string>
			<key>runOnlyForDeploymentPostprocessing</key>
			<string>0</string>
		</dict>
		<key>D93FDE3D1D114DEA00AB8D9B</key>
		<dict>
			<key>buildConfigurationList</key>
			<string>D93FDE531D114DEA00AB8D9B</string>
			<key>buildPhases</key>
			<array>
				<string>36CC86967B75119AA48AB463</string>
				<string>D93FDE3A1D114DEA00AB8D9B</string>
				<string>D93FDE3B1D114DEA00AB8D9B</string>
				<string>D93FDE3C1D114DEA00AB8D9B</string>
				<string>4FC3B3029CDB8B6EB6CAA0D0</string>
				<string>BFE51B995C5F64991EB4532F</string>
				<string>6AAF5E9409C9D2E0ED607887</string>
			</array>
			<key>buildRules</key>
			<array/>
			<key>dependencies</key>
			<array/>
			<key>isa</key>
			<string>PBXNativeTarget</string>
			<key>name</key>
			<string>iOSRecruitmentTest</string>
			<key>productName</key>
			<string>iOSRecruitmentTest</string>
			<key>productReference</key>
			<string>D93FDE3E1D114DEA00AB8D9B</string>
			<key>productType</key>
			<string>com.apple.product-type.application</string>
		</dict>
		<key>D93FDE3E1D114DEA00AB8D9B</key>
		<dict>
			<key>explicitFileType</key>
			<string>wrapper.application</string>
			<key>includeInIndex</key>
			<string>0</string>
			<key>isa</key>
			<string>PBXFileReference</string>
			<key>path</key>
			<string>iOSRecruitmentTest.app</string>
			<key>sourceTree</key>
			<string>BUILT_PRODUCTS_DIR</string>
		</dict>
		<key>D93FDE3F1D114DEA00AB8D9B</key>
		<dict>
			<key>children</key>
			<array>
				<string>D93FDE3E1D114DEA00AB8D9B</string>
			</array>
			<key>isa</key>
			<string>PBXGroup</string>
			<key>name</key>
			<string>Products</string>
			<key>sourceTree</key>
			<string>&lt;group&gt;</string>
		</dict>
		<key>D93FDE401D114DEA00AB8D9B</key>
		<dict>
			<key>children</key>
			<array>
				<string>B1441DC91D43257E00EB8C97</string>
				<string>D93FDE5A1D114F9300AB8D9B</string>
				<string>D93FDE5B1D114F9300AB8D9B</string>
				<string>D93FDE561D114E7A00AB8D9B</string>
				<string>D93FDE571D114E7A00AB8D9B</string>
				<string>D93FDE411D114DEA00AB8D9B</string>
				<string>D93FDE4B1D114DEA00AB8D9B</string>
				<string>D93FDE501D114DEA00AB8D9B</string>
				<string>D93FDE5E1D11517400AB8D9B</string>
			</array>
			<key>isa</key>
			<string>PBXGroup</string>
			<key>path</key>
			<string>iOSRecruitmentTest</string>
			<key>sourceTree</key>
			<string>&lt;group&gt;</string>
		</dict>
		<key>D93FDE411D114DEA00AB8D9B</key>
		<dict>
			<key>isa</key>
			<string>PBXFileReference</string>
			<key>lastKnownFileType</key>
			<string>sourcecode.swift</string>
			<key>path</key>
			<string>AppDelegate.swift</string>
			<key>sourceTree</key>
			<string>&lt;group&gt;</string>
		</dict>
		<key>D93FDE421D114DEA00AB8D9B</key>
		<dict>
			<key>fileRef</key>
			<string>D93FDE411D114DEA00AB8D9B</string>
			<key>isa</key>
			<string>PBXBuildFile</string>
		</dict>
		<key>D93FDE481D114DEA00AB8D9B</key>
		<dict>
			<key>children</key>
			<array>
				<string>D93FDE491D114DEA00AB8D9B</string>
			</array>
			<key>currentVersion</key>
			<string>D93FDE491D114DEA00AB8D9B</string>
			<key>isa</key>
			<string>XCVersionGroup</string>
			<key>path</key>
			<string>iOSRecruitmentTest.xcdatamodeld</string>
			<key>sourceTree</key>
			<string>&lt;group&gt;</string>
			<key>versionGroupType</key>
			<string>wrapper.xcdatamodel</string>
		</dict>
		<key>D93FDE491D114DEA00AB8D9B</key>
		<dict>
			<key>isa</key>
			<string>PBXFileReference</string>
			<key>lastKnownFileType</key>
			<string>wrapper.xcdatamodel</string>
			<key>path</key>
			<string>iOSRecruitmentTest.xcdatamodel</string>
			<key>sourceTree</key>
			<string>&lt;group&gt;</string>
		</dict>
		<key>D93FDE4A1D114DEA00AB8D9B</key>
		<dict>
			<key>fileRef</key>
			<string>D93FDE481D114DEA00AB8D9B</string>
			<key>isa</key>
			<string>PBXBuildFile</string>
		</dict>
		<key>D93FDE4B1D114DEA00AB8D9B</key>
		<dict>
			<key>isa</key>
			<string>PBXFileReference</string>
			<key>lastKnownFileType</key>
			<string>folder.assetcatalog</string>
			<key>path</key>
			<string>Assets.xcassets</string>
			<key>sourceTree</key>
			<string>&lt;group&gt;</string>
		</dict>
		<key>D93FDE4C1D114DEA00AB8D9B</key>
		<dict>
			<key>fileRef</key>
			<string>D93FDE4B1D114DEA00AB8D9B</string>
			<key>isa</key>
			<string>PBXBuildFile</string>
		</dict>
		<key>D93FDE501D114DEA00AB8D9B</key>
		<dict>
			<key>isa</key>
			<string>PBXFileReference</string>
			<key>lastKnownFileType</key>
			<string>text.plist.xml</string>
			<key>path</key>
			<string>Info.plist</string>
			<key>sourceTree</key>
			<string>&lt;group&gt;</string>
		</dict>
		<key>D93FDE511D114DEA00AB8D9B</key>
		<dict>
			<key>buildSettings</key>
			<dict>
				<key>ALWAYS_SEARCH_USER_PATHS</key>
				<string>NO</string>
				<key>CLANG_ANALYZER_NONNULL</key>
				<string>YES</string>
				<key>CLANG_CXX_LANGUAGE_STANDARD</key>
				<string>gnu++0x</string>
				<key>CLANG_CXX_LIBRARY</key>
				<string>libc++</string>
				<key>CLANG_ENABLE_MODULES</key>
				<string>YES</string>
				<key>CLANG_ENABLE_OBJC_ARC</key>
				<string>YES</string>
				<key>CLANG_WARN_BOOL_CONVERSION</key>
				<string>YES</string>
				<key>CLANG_WARN_CONSTANT_CONVERSION</key>
				<string>YES</string>
				<key>CLANG_WARN_DIRECT_OBJC_ISA_USAGE</key>
				<string>YES_ERROR</string>
				<key>CLANG_WARN_EMPTY_BODY</key>
				<string>YES</string>
				<key>CLANG_WARN_ENUM_CONVERSION</key>
				<string>YES</string>
				<key>CLANG_WARN_INT_CONVERSION</key>
				<string>YES</string>
				<key>CLANG_WARN_OBJC_ROOT_CLASS</key>
				<string>YES_ERROR</string>
				<key>CLANG_WARN_UNREACHABLE_CODE</key>
				<string>YES</string>
				<key>CLANG_WARN__DUPLICATE_METHOD_MATCH</key>
				<string>YES</string>
				<key>CODE_SIGN_IDENTITY[sdk=iphoneos*]</key>
				<string>iPhone Developer</string>
				<key>COPY_PHASE_STRIP</key>
				<string>NO</string>
				<key>DEBUG_INFORMATION_FORMAT</key>
				<string>dwarf</string>
				<key>ENABLE_STRICT_OBJC_MSGSEND</key>
				<string>YES</string>
				<key>ENABLE_TESTABILITY</key>
				<string>YES</string>
				<key>GCC_C_LANGUAGE_STANDARD</key>
				<string>gnu99</string>
				<key>GCC_DYNAMIC_NO_PIC</key>
				<string>NO</string>
				<key>GCC_NO_COMMON_BLOCKS</key>
				<string>YES</string>
				<key>GCC_OPTIMIZATION_LEVEL</key>
				<string>0</string>
				<key>GCC_PREPROCESSOR_DEFINITIONS</key>
				<array>
					<string>DEBUG=1</string>
					<string>$(inherited)</string>
				</array>
				<key>GCC_WARN_64_TO_32_BIT_CONVERSION</key>
				<string>YES</string>
				<key>GCC_WARN_ABOUT_RETURN_TYPE</key>
				<string>YES_ERROR</string>
				<key>GCC_WARN_UNDECLARED_SELECTOR</key>
				<string>YES</string>
				<key>GCC_WARN_UNINITIALIZED_AUTOS</key>
				<string>YES_AGGRESSIVE</string>
				<key>GCC_WARN_UNUSED_FUNCTION</key>
				<string>YES</string>
				<key>GCC_WARN_UNUSED_VARIABLE</key>
				<string>YES</string>
				<key>IPHONEOS_DEPLOYMENT_TARGET</key>
				<string>9.3</string>
				<key>MTL_ENABLE_DEBUG_INFO</key>
				<string>YES</string>
				<key>ONLY_ACTIVE_ARCH</key>
				<string>YES</string>
				<key>SDKROOT</key>
				<string>iphoneos</string>
				<key>SWIFT_OPTIMIZATION_LEVEL</key>
				<string>-Onone</string>
				<key>TARGETED_DEVICE_FAMILY</key>
				<string>1,2</string>
			</dict>
			<key>isa</key>
			<string>XCBuildConfiguration</string>
			<key>name</key>
			<string>Debug</string>
		</dict>
		<key>D93FDE521D114DEA00AB8D9B</key>
		<dict>
			<key>buildSettings</key>
			<dict>
				<key>ALWAYS_SEARCH_USER_PATHS</key>
				<string>NO</string>
				<key>CLANG_ANALYZER_NONNULL</key>
				<string>YES</string>
				<key>CLANG_CXX_LANGUAGE_STANDARD</key>
				<string>gnu++0x</string>
				<key>CLANG_CXX_LIBRARY</key>
				<string>libc++</string>
				<key>CLANG_ENABLE_MODULES</key>
				<string>YES</string>
				<key>CLANG_ENABLE_OBJC_ARC</key>
				<string>YES</string>
				<key>CLANG_WARN_BOOL_CONVERSION</key>
				<string>YES</string>
				<key>CLANG_WARN_CONSTANT_CONVERSION</key>
				<string>YES</string>
				<key>CLANG_WARN_DIRECT_OBJC_ISA_USAGE</key>
				<string>YES_ERROR</string>
				<key>CLANG_WARN_EMPTY_BODY</key>
				<string>YES</string>
				<key>CLANG_WARN_ENUM_CONVERSION</key>
				<string>YES</string>
				<key>CLANG_WARN_INT_CONVERSION</key>
				<string>YES</string>
				<key>CLANG_WARN_OBJC_ROOT_CLASS</key>
				<string>YES_ERROR</string>
				<key>CLANG_WARN_UNREACHABLE_CODE</key>
				<string>YES</string>
				<key>CLANG_WARN__DUPLICATE_METHOD_MATCH</key>
				<string>YES</string>
				<key>CODE_SIGN_IDENTITY[sdk=iphoneos*]</key>
				<string>iPhone Developer</string>
				<key>COPY_PHASE_STRIP</key>
				<string>NO</string>
				<key>DEBUG_INFORMATION_FORMAT</key>
				<string>dwarf-with-dsym</string>
				<key>ENABLE_NS_ASSERTIONS</key>
				<string>NO</string>
				<key>ENABLE_STRICT_OBJC_MSGSEND</key>
				<string>YES</string>
				<key>GCC_C_LANGUAGE_STANDARD</key>
				<string>gnu99</string>
				<key>GCC_NO_COMMON_BLOCKS</key>
				<string>YES</string>
				<key>GCC_WARN_64_TO_32_BIT_CONVERSION</key>
				<string>YES</string>
				<key>GCC_WARN_ABOUT_RETURN_TYPE</key>
				<string>YES_ERROR</string>
				<key>GCC_WARN_UNDECLARED_SELECTOR</key>
				<string>YES</string>
				<key>GCC_WARN_UNINITIALIZED_AUTOS</key>
				<string>YES_AGGRESSIVE</string>
				<key>GCC_WARN_UNUSED_FUNCTION</key>
				<string>YES</string>
				<key>GCC_WARN_UNUSED_VARIABLE</key>
				<string>YES</string>
				<key>IPHONEOS_DEPLOYMENT_TARGET</key>
				<string>9.3</string>
				<key>MTL_ENABLE_DEBUG_INFO</key>
				<string>NO</string>
				<key>SDKROOT</key>
				<string>iphoneos</string>
				<key>TARGETED_DEVICE_FAMILY</key>
				<string>1,2</string>
				<key>VALIDATE_PRODUCT</key>
				<string>YES</string>
			</dict>
			<key>isa</key>
			<string>XCBuildConfiguration</string>
			<key>name</key>
			<string>Release</string>
		</dict>
		<key>D93FDE531D114DEA00AB8D9B</key>
		<dict>
			<key>buildConfigurations</key>
			<array>
				<string>D93FDE541D114DEA00AB8D9B</string>
				<string>D93FDE551D114DEA00AB8D9B</string>
			</array>
			<key>defaultConfigurationIsVisible</key>
			<string>0</string>
			<key>defaultConfigurationName</key>
			<string>Release</string>
			<key>isa</key>
			<string>XCConfigurationList</string>
		</dict>
		<key>D93FDE541D114DEA00AB8D9B</key>
		<dict>
			<key>baseConfigurationReference</key>
			<string>42DFA03D40D33A45F08DB54E</string>
			<key>buildSettings</key>
			<dict>
				<key>ASSETCATALOG_COMPILER_APPICON_NAME</key>
				<string>AppIcon</string>
				<key>INFOPLIST_FILE</key>
				<string>iOSRecruitmentTest/Info.plist</string>
				<key>LD_RUNPATH_SEARCH_PATHS</key>
				<string>$(inherited) @executable_path/Frameworks</string>
				<key>PRODUCT_BUNDLE_IDENTIFIER</key>
				<string>pl.snowdog.iOSRecruitmentTest</string>
				<key>PRODUCT_NAME</key>
				<string>$(TARGET_NAME)</string>
			</dict>
			<key>isa</key>
			<string>XCBuildConfiguration</string>
			<key>name</key>
			<string>Debug</string>
		</dict>
		<key>D93FDE551D114DEA00AB8D9B</key>
		<dict>
			<key>baseConfigurationReference</key>
			<string>EA5FC67C57E8B84E0FDB1BF3</string>
			<key>buildSettings</key>
			<dict>
				<key>ASSETCATALOG_COMPILER_APPICON_NAME</key>
				<string>AppIcon</string>
				<key>INFOPLIST_FILE</key>
				<string>iOSRecruitmentTest/Info.plist</string>
				<key>LD_RUNPATH_SEARCH_PATHS</key>
				<string>$(inherited) @executable_path/Frameworks</string>
				<key>PRODUCT_BUNDLE_IDENTIFIER</key>
				<string>pl.snowdog.iOSRecruitmentTest</string>
				<key>PRODUCT_NAME</key>
				<string>$(TARGET_NAME)</string>
			</dict>
			<key>isa</key>
			<string>XCBuildConfiguration</string>
			<key>name</key>
			<string>Release</string>
		</dict>
		<key>D93FDE561D114E7A00AB8D9B</key>
		<dict>
			<key>fileEncoding</key>
			<string>4</string>
			<key>isa</key>
			<string>PBXFileReference</string>
			<key>lastKnownFileType</key>
			<string>sourcecode.swift</string>
			<key>path</key>
			<string>ViewController.swift</string>
			<key>sourceTree</key>
			<string>&lt;group&gt;</string>
		</dict>
		<key>D93FDE571D114E7A00AB8D9B</key>
		<dict>
			<key>fileEncoding</key>
			<string>4</string>
			<key>isa</key>
			<string>PBXFileReference</string>
			<key>lastKnownFileType</key>
			<string>file.xib</string>
			<key>path</key>
			<string>ViewController.xib</string>
			<key>sourceTree</key>
			<string>&lt;group&gt;</string>
		</dict>
		<key>D93FDE581D114E7A00AB8D9B</key>
		<dict>
			<key>fileRef</key>
			<string>D93FDE561D114E7A00AB8D9B</string>
			<key>isa</key>
			<string>PBXBuildFile</string>
		</dict>
		<key>D93FDE591D114E7A00AB8D9B</key>
		<dict>
			<key>fileRef</key>
			<string>D93FDE571D114E7A00AB8D9B</string>
			<key>isa</key>
			<string>PBXBuildFile</string>
		</dict>
		<key>D93FDE5A1D114F9300AB8D9B</key>
		<dict>
			<key>fileEncoding</key>
			<string>4</string>
			<key>isa</key>
			<string>PBXFileReference</string>
			<key>lastKnownFileType</key>
			<string>sourcecode.swift</string>
			<key>path</key>
			<string>TableViewCell.swift</string>
			<key>sourceTree</key>
			<string>&lt;group&gt;</string>
		</dict>
		<key>D93FDE5B1D114F9300AB8D9B</key>
		<dict>
			<key>fileEncoding</key>
			<string>4</string>
			<key>isa</key>
			<string>PBXFileReference</string>
			<key>lastKnownFileType</key>
			<string>file.xib</string>
			<key>path</key>
			<string>TableViewCell.xib</string>
			<key>sourceTree</key>
			<string>&lt;group&gt;</string>
		</dict>
		<key>D93FDE5C1D114F9300AB8D9B</key>
		<dict>
			<key>fileRef</key>
			<string>D93FDE5A1D114F9300AB8D9B</string>
			<key>isa</key>
			<string>PBXBuildFile</string>
		</dict>
		<key>D93FDE5D1D114F9300AB8D9B</key>
		<dict>
			<key>fileRef</key>
			<string>D93FDE5B1D114F9300AB8D9B</string>
			<key>isa</key>
			<string>PBXBuildFile</string>
		</dict>
		<key>D93FDE5E1D11517400AB8D9B</key>
		<dict>
			<key>fileEncoding</key>
			<string>4</string>
			<key>isa</key>
			<string>PBXFileReference</string>
			<key>lastKnownFileType</key>
			<string>file.storyboard</string>
			<key>path</key>
			<string>Launch Screen.storyboard</string>
			<key>sourceTree</key>
			<string>&lt;group&gt;</string>
		</dict>
		<key>D93FDE5F1D11517400AB8D9B</key>
		<dict>
			<key>fileRef</key>
			<string>D93FDE5E1D11517400AB8D9B</string>
			<key>isa</key>
			<string>PBXBuildFile</string>
		</dict>
		<key>EA5FC67C57E8B84E0FDB1BF3</key>
		<dict>
			<key>includeInIndex</key>
			<string>1</string>
			<key>isa</key>
			<string>PBXFileReference</string>
			<key>lastKnownFileType</key>
			<string>text.xcconfig</string>
			<key>name</key>
			<string>Pods-iOSRecruitmentTest.release.xcconfig</string>
			<key>path</key>
			<string>Pods/Target Support Files/Pods-iOSRecruitmentTest/Pods-iOSRecruitmentTest.release.xcconfig</string>
			<key>sourceTree</key>
			<string>&lt;group&gt;</string>
		</dict>
	</dict>
	<key>rootObject</key>
	<string>D93FDE361D114DEA00AB8D9B</string>
</dict>
</plist>
