// !$*UTF8*$!
{
	archiveVersion = 1;
	classes = {
	};
	objectVersion = 46;
	objects = {

/* Begin PBXBuildFile section */
		F4938C5D1A92D2BD008CA3D8 /* AppDelegate.swift in Sources */ = {isa = PBXBuildFile; fileRef = F4938C5C1A92D2BD008CA3D8 /* AppDelegate.swift */; };
		F4938C621A92D2BD008CA3D8 /* Main.storyboard in Resources */ = {isa = PBXBuildFile; fileRef = F4938C601A92D2BD008CA3D8 /* Main.storyboard */; };
		F4938C641A92D2BD008CA3D8 /* Images.xcassets in Resources */ = {isa = PBXBuildFile; fileRef = F4938C631A92D2BD008CA3D8 /* Images.xcassets */; };
		F4938C671A92D2BD008CA3D8 /* LaunchScreen.xib in Resources */ = {isa = PBXBuildFile; fileRef = F4938C651A92D2BD008CA3D8 /* LaunchScreen.xib */; };
		F4938C7D1A92D565008CA3D8 /* HotelTableViewCell.swift in Sources */ = {isa = PBXBuildFile; fileRef = F4938C7C1A92D565008CA3D8 /* HotelTableViewCell.swift */; };
		F4938C7F1A92D577008CA3D8 /* HotelTableViewController.swift in Sources */ = {isa = PBXBuildFile; fileRef = F4938C7E1A92D577008CA3D8 /* HotelTableViewController.swift */; };
/* End PBXBuildFile section */

/* Begin PBXContainerItemProxy section */
		F4938C6D1A92D2BD008CA3D8 /* PBXContainerItemProxy */ = {
			isa = PBXContainerItemProxy;
			containerPortal = F4938C4F1A92D2BD008CA3D8 /* Project object */;
			proxyType = 1;
			remoteGlobalIDString = F4938C561A92D2BD008CA3D8;
			remoteInfo = SelfSizingCell;
		};
/* End PBXContainerItemProxy section */

/* Begin PBXFileReference section */
		F4938C571A92D2BD008CA3D8 /* SelfSizingCell.app */ = {isa = PBXFileReference; explicitFileType = wrapper.application; includeInIndex = 0; path = SelfSizingCell.app; sourceTree = BUILT_PRODUCTS_DIR; };
		F4938C5B1A92D2BD008CA3D8 /* Info.plist */ = {isa = PBXFileReference; lastKnownFileType = text.plist.xml; path = Info.plist; sourceTree = "<group>"; };
		F4938C5C1A92D2BD008CA3D8 /* AppDelegate.swift */ = {isa = PBXFileReference; lastKnownFileType = sourcecode.swift; path = AppDelegate.swift; sourceTree = "<group>"; };
		F4938C611A92D2BD008CA3D8 /* Base */ = {isa = PBXFileReference; lastKnownFileType = file.storyboard; name = Base; path = Base.lproj/Main.storyboard; sourceTree = "<group>"; };
		F4938C631A92D2BD008CA3D8 /* Images.xcassets */ = {isa = PBXFileReference; lastKnownFileType = folder.assetcatalog; path = Images.xcassets; sourceTree = "<group>"; };
		F4938C661A92D2BD008CA3D8 /* Base */ = {isa = PBXFileReference; lastKnownFileType = file.xib; name = Base; path = Base.lproj/LaunchScreen.xib; sourceTree = "<group>"; };
		F4938C6C1A92D2BD008CA3D8 /* SelfSizingCellTests.xctest */ = {isa = PBXFileReference; explicitFileType = wrapper.cfbundle; includeInIndex = 0; path = SelfSizingCellTests.xctest; sourceTree = BUILT_PRODUCTS_DIR; };
		F4938C7C1A92D565008CA3D8 /* HotelTableViewCell.swift */ = {isa = PBXFileReference; fileEncoding = 4; lastKnownFileType = sourcecode.swift; path = HotelTableViewCell.swift; sourceTree = "<group>"; };
		F4938C7E1A92D577008CA3D8 /* HotelTableViewController.swift */ = {isa = PBXFileReference; fileEncoding = 4; lastKnownFileType = sourcecode.swift; path = HotelTableViewController.swift; sourceTree = "<group>"; };
/* End PBXFileReference section */

/* Begin PBXFrameworksBuildPhase section */
		F4938C541A92D2BD008CA3D8 /* Frameworks */ = {
			isa = PBXFrameworksBuildPhase;
			buildActionMask = 2147483647;
			files = (
			);
			runOnlyForDeploymentPostprocessing = 0;
		};
		F4938C691A92D2BD008CA3D8 /* Frameworks */ = {
			isa = PBXFrameworksBuildPhase;
			buildActionMask = 2147483647;
			files = (
			);
			runOnlyForDeploymentPostprocessing = 0;
		};
/* End PBXFrameworksBuildPhase section */

/* Begin PBXGroup section */
		F4938C4E1A92D2BD008CA3D8 = {
			isa = PBXGroup;
			children = (
				F4938C591A92D2BD008CA3D8 /* SelfSizingCell */,
				F4938C581A92D2BD008CA3D8 /* Products */,
			);
			sourceTree = "<group>";
		};
		F4938C581A92D2BD008CA3D8 /* Products */ = {
			isa = PBXGroup;
			children = (
				F4938C571A92D2BD008CA3D8 /* SelfSizingCell.app */,
				F4938C6C1A92D2BD008CA3D8 /* SelfSizingCellTests.xctest */,
			);
			name = Products;
			sourceTree = "<group>";
		};
		F4938C591A92D2BD008CA3D8 /* SelfSizingCell */ = {
			isa = PBXGroup;
			children = (
				F4938C5C1A92D2BD008CA3D8 /* AppDelegate.swift */,
				F4938C7C1A92D565008CA3D8 /* HotelTableViewCell.swift */,
				F4938C7E1A92D577008CA3D8 /* HotelTableViewController.swift */,
				F4938C601A92D2BD008CA3D8 /* Main.storyboard */,
				F4938C651A92D2BD008CA3D8 /* LaunchScreen.xib */,
				F4938C631A92D2BD008CA3D8 /* Images.xcassets */,
				F4938C5B1A92D2BD008CA3D8 /* Info.plist */,
			);
			path = SelfSizingCell;
			sourceTree = "<group>";
		};
/* End PBXGroup section */

/* Begin PBXNativeTarget section */
		F4938C561A92D2BD008CA3D8 /* SelfSizingCell */ = {
			isa = PBXNativeTarget;
			buildConfigurationList = F4938C761A92D2BD008CA3D8 /* Build configuration list for PBXNativeTarget "SelfSizingCell" */;
			buildPhases = (
				F4938C531A92D2BD008CA3D8 /* Sources */,
				F4938C541A92D2BD008CA3D8 /* Frameworks */,
				F4938C551A92D2BD008CA3D8 /* Resources */,
			);
			buildRules = (
			);
			dependencies = (
			);
			name = SelfSizingCell;
			productName = SelfSizingCell;
			productReference = F4938C571A92D2BD008CA3D8 /* SelfSizingCell.app */;
			productType = "com.apple.product-type.application";
		};
		F4938C6B1A92D2BD008CA3D8 /* SelfSizingCellTests */ = {
			isa = PBXNativeTarget;
			buildConfigurationList = F4938C791A92D2BD008CA3D8 /* Build configuration list for PBXNativeTarget "SelfSizingCellTests" */;
			buildPhases = (
				F4938C681A92D2BD008CA3D8 /* Sources */,
				F4938C691A92D2BD008CA3D8 /* Frameworks */,
				F4938C6A1A92D2BD008CA3D8 /* Resources */,
			);
			buildRules = (
			);
			dependencies = (
				F4938C6E1A92D2BD008CA3D8 /* PBXTargetDependency */,
			);
			name = SelfSizingCellTests;
			productName = SelfSizingCellTests;
			productReference = F4938C6C1A92D2BD008CA3D8 /* SelfSizingCellTests.xctest */;
			productType = "com.apple.product-type.bundle.unit-test";
		};
/* End PBXNativeTarget section */

/* Begin PBXProject section */
		F4938C4F1A92D2BD008CA3D8 /* Project object */ = {
			isa = PBXProject;
			attributes = {
				LastSwiftUpdateCheck = 0700;
				LastUpgradeCheck = 0700;
				ORGANIZATIONNAME = AppCoda;
				TargetAttributes = {
					F4938C561A92D2BD008CA3D8 = {
						CreatedOnToolsVersion = 6.1.1;
					};
					F4938C6B1A92D2BD008CA3D8 = {
						CreatedOnToolsVersion = 6.1.1;
						TestTargetID = F4938C561A92D2BD008CA3D8;
					};
				};
			};
			buildConfigurationList = F4938C521A92D2BD008CA3D8 /* Build configuration list for PBXProject "SelfSizingCell" */;
			compatibilityVersion = "Xcode 3.2";
			developmentRegion = English;
			hasScannedForEncodings = 0;
			knownRegions = (
				en,
				Base,
			);
			mainGroup = F4938C4E1A92D2BD008CA3D8;
			productRefGroup = F4938C581A92D2BD008CA3D8 /* Products */;
			projectDirPath = "";
			projectRoot = "";
			targets = (
				F4938C561A92D2BD008CA3D8 /* SelfSizingCell */,
				F4938C6B1A92D2BD008CA3D8 /* SelfSizingCellTests */,
			);
		};
/* End PBXProject section */

/* Begin PBXResourcesBuildPhase section */
		F4938C551A92D2BD008CA3D8 /* Resources */ = {
			isa = PBXResourcesBuildPhase;
			buildActionMask = 2147483647;
			files = (
				F4938C621A92D2BD008CA3D8 /* Main.storyboard in Resources */,
				F4938C671A92D2BD008CA3D8 /* LaunchScreen.xib in Resources */,
				F4938C641A92D2BD008CA3D8 /* Images.xcassets in Resources */,
			);
			runOnlyForDeploymentPostprocessing = 0;
		};
		F4938C6A1A92D2BD008CA3D8 /* Resources */ = {
			isa = PBXResourcesBuildPhase;
			buildActionMask = 2147483647;
			files = (
			);
			runOnlyForDeploymentPostprocessing = 0;
		};
/* End PBXResourcesBuildPhase section */

/* Begin PBXSourcesBuildPhase section */
		F4938C531A92D2BD008CA3D8 /* Sources */ = {
			isa = PBXSourcesBuildPhase;
			buildActionMask = 2147483647;
			files = (
				F4938C7D1A92D565008CA3D8 /* HotelTableViewCell.swift in Sources */,
				F4938C7F1A92D577008CA3D8 /* HotelTableViewController.swift in Sources */,
				F4938C5D1A92D2BD008CA3D8 /* AppDelegate.swift in Sources */,
			);
			runOnlyForDeploymentPostprocessing = 0;
		};
		F4938C681A92D2BD008CA3D8 /* Sources */ = {
			isa = PBXSourcesBuildPhase;
			buildActionMask = 2147483647;
			files = (
			);
			runOnlyForDeploymentPostprocessing = 0;
		};
/* End PBXSourcesBuildPhase section */

/* Begin PBXTargetDependency section */
		F4938C6E1A92D2BD008CA3D8 /* PBXTargetDependency */ = {
			isa = PBXTargetDependency;
			target = F4938C561A92D2BD008CA3D8 /* SelfSizingCell */;
			targetProxy = F4938C6D1A92D2BD008CA3D8 /* PBXContainerItemProxy */;
		};
/* End PBXTargetDependency section */

/* Begin PBXVariantGroup section */
		F4938C601A92D2BD008CA3D8 /* Main.storyboard */ = {
			isa = PBXVariantGroup;
			children = (
				F4938C611A92D2BD008CA3D8 /* Base */,
			);
			name = Main.storyboard;
			sourceTree = "<group>";
		};
		F4938C651A92D2BD008CA3D8 /* LaunchScreen.xib */ = {
			isa = PBXVariantGroup;
			children = (
				F4938C661A92D2BD008CA3D8 /* Base */,
			);
			name = LaunchScreen.xib;
			sourceTree = "<group>";
		};
/* End PBXVariantGroup section */

/* Begin XCBuildConfiguration section */
		F4938C741A92D2BD008CA3D8 /* Debug */ = {
			isa = XCBuildConfiguration;
			buildSettings = {
				ALWAYS_SEARCH_USER_PATHS = NO;
				CLANG_CXX_LANGUAGE_STANDARD = "gnu++0x";
				CLANG_CXX_LIBRARY = "libc++";
				CLANG_ENABLE_MODULES = YES;
				CLANG_ENABLE_OBJC_ARC = YES;
				CLANG_WARN_BOOL_CONVERSION = YES;
				CLANG_WARN_CONSTANT_CONVERSION = YES;
				CLANG_WARN_DIRECT_OBJC_ISA_USAGE = YES_ERROR;
				CLANG_WARN_EMPTY_BODY = YES;
				CLANG_WARN_ENUM_CONVERSION = YES;
				CLANG_WARN_INT_CONVERSION = YES;
				CLANG_WARN_OBJC_ROOT_CLASS = YES_ERROR;
				CLANG_WARN_UNREACHABLE_CODE = YES;
				CLANG_WARN__DUPLICATE_METHOD_MATCH = YES;
				"CODE_SIGN_IDENTITY[sdk=iphoneos*]" = "iPhone Developer";
				COPY_PHASE_STRIP = NO;
				ENABLE_STRICT_OBJC_MSGSEND = YES;
				ENABLE_TESTABILITY = YES;
				GCC_C_LANGUAGE_STANDARD = gnu99;
				GCC_DYNAMIC_NO_PIC = NO;
				GCC_OPTIMIZATION_LEVEL = 0;
				GCC_PREPROCESSOR_DEFINITIONS = (
					"DEBUG=1",
					"$(inherited)",
				);
				GCC_SYMBOLS_PRIVATE_EXTERN = NO;
				GCC_WARN_64_TO_32_BIT_CONVERSION = YES;
				GCC_WARN_ABOUT_RETURN_TYPE = YES_ERROR;
				GCC_WARN_UNDECLARED_SELECTOR = YES;
				GCC_WARN_UNINITIALIZED_AUTOS = YES_AGGRESSIVE;
				GCC_WARN_UNUSED_FUNCTION = YES;
				GCC_WARN_UNUSED_VARIABLE = YES;
				IPHONEOS_DEPLOYMENT_TARGET = 8.1;
				MTL_ENABLE_DEBUG_INFO = YES;
				ONLY_ACTIVE_ARCH = YES;
				SDKROOT = iphoneos;
				SWIFT_OPTIMIZATION_LEVEL = "-Onone";
			};
			name = Debug;
		};
		F4938C751A92D2BD008CA3D8 /* Release */ = {
			isa = XCBuildConfiguration;
			buildSettings = {
				ALWAYS_SEARCH_USER_PATHS = NO;
				CLANG_CXX_LANGUAGE_STANDARD = "gnu++0x";
				CLANG_CXX_LIBRARY = "libc++";
				CLANG_ENABLE_MODULES = YES;
				CLANG_ENABLE_OBJC_ARC = YES;
				CLANG_WARN_BOOL_CONVERSION = YES;
				CLANG_WARN_CONSTANT_CONVERSION = YES;
				CLANG_WARN_DIRECT_OBJC_ISA_USAGE = YES_ERROR;
				CLANG_WARN_EMPTY_BODY = YES;
				CLANG_WARN_ENUM_CONVERSION = YES;
				CLANG_WARN_INT_CONVERSION = YES;
				CLANG_WARN_OBJC_ROOT_CLASS = YES_ERROR;
				CLANG_WARN_UNREACHABLE_CODE = YES;
				CLANG_WARN__DUPLICATE_METHOD_MATCH = YES;
				"CODE_SIGN_IDENTITY[sdk=iphoneos*]" = "iPhone Developer";
				COPY_PHASE_STRIP = YES;
				ENABLE_NS_ASSERTIONS = NO;
				ENABLE_STRICT_OBJC_MSGSEND = YES;
				GCC_C_LANGUAGE_STANDARD = gnu99;
				GCC_WARN_64_TO_32_BIT_CONVERSION = YES;
				GCC_WARN_ABOUT_RETURN_TYPE = YES_ERROR;
				GCC_WARN_UNDECLARED_SELECTOR = YES;
				GCC_WARN_UNINITIALIZED_AUTOS = YES_AGGRESSIVE;
				GCC_WARN_UNUSED_FUNCTION = YES;
				GCC_WARN_UNUSED_VARIABLE = YES;
				IPHONEOS_DEPLOYMENT_TARGET = 8.1;
				MTL_ENABLE_DEBUG_INFO = NO;
				SDKROOT = iphoneos;
				VALIDATE_PRODUCT = YES;
			};
			name = Release;
		};
		F4938C771A92D2BD008CA3D8 /* Debug */ = {
			isa = XCBuildConfiguration;
			buildSettings = {
				ASSETCATALOG_COMPILER_APPICON_NAME = AppIcon;
				INFOPLIST_FILE = SelfSizingCell/Info.plist;
				LD_RUNPATH_SEARCH_PATHS = "$(inherited) @executable_path/Frameworks";
				PRODUCT_BUNDLE_IDENTIFIER = "com.appcoda.$(PRODUCT_NAME:rfc1034identifier)";
				PRODUCT_NAME = "$(TARGET_NAME)";
			};
			name = Debug;
		};
		F4938C781A92D2BD008CA3D8 /* Release */ = {
			isa = XCBuildConfiguration;
			buildSettings = {
				ASSETCATALOG_COMPILER_APPICON_NAME = AppIcon;
				INFOPLIST_FILE = SelfSizingCell/Info.plist;
				LD_RUNPATH_SEARCH_PATHS = "$(inherited) @executable_path/Frameworks";
				PRODUCT_BUNDLE_IDENTIFIER = "com.appcoda.$(PRODUCT_NAME:rfc1034identifier)";
				PRODUCT_NAME = "$(TARGET_NAME)";
			};
			name = Release;
		};
		F4938C7A1A92D2BD008CA3D8 /* Debug */ = {
			isa = XCBuildConfiguration;
			buildSettings = {
				BUNDLE_LOADER = "$(TEST_HOST)";
				FRAMEWORK_SEARCH_PATHS = (
					"$(SDKROOT)/Developer/Library/Frameworks",
					"$(inherited)",
				);
				GCC_PREPROCESSOR_DEFINITIONS = (
					"DEBUG=1",
					"$(inherited)",
				);
				INFOPLIST_FILE = SelfSizingCellTests/Info.plist;
				LD_RUNPATH_SEARCH_PATHS = "$(inherited) @executable_path/Frameworks @loader_path/Frameworks";
				PRODUCT_BUNDLE_IDENTIFIER = "com.appcoda.$(PRODUCT_NAME:rfc1034identifier)";
				PRODUCT_NAME = "$(TARGET_NAME)";
				TEST_HOST = "$(BUILT_PRODUCTS_DIR)/SelfSizingCell.app/SelfSizingCell";
			};
			name = Debug;
		};
		F4938C7B1A92D2BD008CA3D8 /* Release */ = {
			isa = XCBuildConfiguration;
			buildSettings = {
				BUNDLE_LOADER = "$(TEST_HOST)";
				FRAMEWORK_SEARCH_PATHS = (
					"$(SDKROOT)/Developer/Library/Frameworks",
					"$(inherited)",
				);
				INFOPLIST_FILE = SelfSizingCellTests/Info.plist;
				LD_RUNPATH_SEARCH_PATHS = "$(inherited) @executable_path/Frameworks @loader_path/Frameworks";
				PRODUCT_BUNDLE_IDENTIFIER = "com.appcoda.$(PRODUCT_NAME:rfc1034identifier)";
				PRODUCT_NAME = "$(TARGET_NAME)";
				TEST_HOST = "$(BUILT_PRODUCTS_DIR)/SelfSizingCell.app/SelfSizingCell";
			};
			name = Release;
		};
/* End XCBuildConfiguration section */

/* Begin XCConfigurationList section */
		F4938C521A92D2BD008CA3D8 /* Build configuration list for PBXProject "SelfSizingCell" */ = {
			isa = XCConfigurationList;
			buildConfigurations = (
				F4938C741A92D2BD008CA3D8 /* Debug */,
				F4938C751A92D2BD008CA3D8 /* Release */,
			);
			defaultConfigurationIsVisible = 0;
			defaultConfigurationName = Release;
		};
		F4938C761A92D2BD008CA3D8 /* Build configuration list for PBXNativeTarget "SelfSizingCell" */ = {
			isa = XCConfigurationList;
			buildConfigurations = (
				F4938C771A92D2BD008CA3D8 /* Debug */,
				F4938C781A92D2BD008CA3D8 /* Release */,
			);
			defaultConfigurationIsVisible = 0;
			defaultConfigurationName = Release;
		};
		F4938C791A92D2BD008CA3D8 /* Build configuration list for PBXNativeTarget "SelfSizingCellTests" */ = {
			isa = XCConfigurationList;
			buildConfigurations = (
				F4938C7A1A92D2BD008CA3D8 /* Debug */,
				F4938C7B1A92D2BD008CA3D8 /* Release */,
			);
			defaultConfigurationIsVisible = 0;
			defaultConfigurationName = Release;
		};
/* End XCConfigurationList section */
	};
	rootObject = F4938C4F1A92D2BD008CA3D8 /* Project object */;
}
