// !$*UTF8*$!
{
	archiveVersion = 1;
	classes = {
	};
	objectVersion = 46;
	objects = {

/* Begin PBXBuildFile section */
		91144D3D1B2A052300C3971A /* AppDelegate.swift in Sources */ = {isa = PBXBuildFile; fileRef = 91144D3C1B2A052300C3971A /* AppDelegate.swift */; };
		91144D3F1B2A052300C3971A /* ViewController.swift in Sources */ = {isa = PBXBuildFile; fileRef = 91144D3E1B2A052300C3971A /* ViewController.swift */; };
		91144D421B2A052300C3971A /* Main.storyboard in Resources */ = {isa = PBXBuildFile; fileRef = 91144D401B2A052300C3971A /* Main.storyboard */; };
		91144D441B2A052300C3971A /* Assets.xcassets in Resources */ = {isa = PBXBuildFile; fileRef = 91144D431B2A052300C3971A /* Assets.xcassets */; };
		91144D471B2A052300C3971A /* LaunchScreen.storyboard in Resources */ = {isa = PBXBuildFile; fileRef = 91144D451B2A052300C3971A /* LaunchScreen.storyboard */; };
/* End PBXBuildFile section */

/* Begin PBXFileReference section */
		91144D391B2A052300C3971A /* PropertyListTest.app */ = {isa = PBXFileReference; explicitFileType = wrapper.application; includeInIndex = 0; path = PropertyListTest.app; sourceTree = BUILT_PRODUCTS_DIR; };
		91144D3C1B2A052300C3971A /* AppDelegate.swift */ = {isa = PBXFileReference; lastKnownFileType = sourcecode.swift; path = AppDelegate.swift; sourceTree = "<group>"; };
		91144D3E1B2A052300C3971A /* ViewController.swift */ = {isa = PBXFileReference; lastKnownFileType = sourcecode.swift; path = ViewController.swift; sourceTree = "<group>"; };
		91144D411B2A052300C3971A /* Base */ = {isa = PBXFileReference; lastKnownFileType = file.storyboard; name = Base; path = Base.lproj/Main.storyboard; sourceTree = "<group>"; };
		91144D431B2A052300C3971A /* Assets.xcassets */ = {isa = PBXFileReference; lastKnownFileType = folder.assetcatalog; path = Assets.xcassets; sourceTree = "<group>"; };
		91144D461B2A052300C3971A /* Base */ = {isa = PBXFileReference; lastKnownFileType = file.storyboard; name = Base; path = Base.lproj/LaunchScreen.storyboard; sourceTree = "<group>"; };
		91144D481B2A052300C3971A /* Info.plist */ = {isa = PBXFileReference; lastKnownFileType = text.plist.xml; path = Info.plist; sourceTree = "<group>"; };
/* End PBXFileReference section */

/* Begin PBXFrameworksBuildPhase section */
		91144D361B2A052300C3971A /* Frameworks */ = {
			isa = PBXFrameworksBuildPhase;
			buildActionMask = 2147483647;
			files = (
			);
			runOnlyForDeploymentPostprocessing = 0;
		};
/* End PBXFrameworksBuildPhase section */

/* Begin PBXGroup section */
		91144D301B2A052300C3971A = {
			isa = PBXGroup;
			children = (
				91144D3B1B2A052300C3971A /* PropertyListTest */,
				91144D3A1B2A052300C3971A /* Products */,
			);
			sourceTree = "<group>";
		};
		91144D3A1B2A052300C3971A /* Products */ = {
			isa = PBXGroup;
			children = (
				91144D391B2A052300C3971A /* PropertyListTest.app */,
			);
			name = Products;
			sourceTree = "<group>";
		};
		91144D3B1B2A052300C3971A /* PropertyListTest */ = {
			isa = PBXGroup;
			children = (
				91144D3C1B2A052300C3971A /* AppDelegate.swift */,
				91144D3E1B2A052300C3971A /* ViewController.swift */,
				91144D401B2A052300C3971A /* Main.storyboard */,
				91144D451B2A052300C3971A /* LaunchScreen.storyboard */,
				91144D431B2A052300C3971A /* Assets.xcassets */,
				91144D481B2A052300C3971A /* Info.plist */,
			);
			path = PropertyListTest;
			sourceTree = "<group>";
		};
/* End PBXGroup section */

/* Begin PBXNativeTarget section */
		91144D381B2A052300C3971A /* PropertyListTest */ = {
			isa = PBXNativeTarget;
			buildConfigurationList = 91144D561B2A052300C3971A /* Build configuration list for PBXNativeTarget "PropertyListTest" */;
			buildPhases = (
				91144D351B2A052300C3971A /* Sources */,
				91144D361B2A052300C3971A /* Frameworks */,
				91144D371B2A052300C3971A /* Resources */,
			);
			buildRules = (
			);
			dependencies = (
			);
			name = PropertyListTest;
			productName = PropertyListTest;
			productReference = 91144D391B2A052300C3971A /* PropertyListTest.app */;
			productType = "com.apple.product-type.application";
		};
/* End PBXNativeTarget section */

/* Begin PBXProject section */
		91144D311B2A052300C3971A /* Project object */ = {
			isa = PBXProject;
			attributes = {
				LastUpgradeCheck = 0700;
				ORGANIZATIONNAME = "asm technology ltd";
				TargetAttributes = {
					91144D381B2A052300C3971A = {
						CreatedOnToolsVersion = 7.0;
					};
				};
			};
			buildConfigurationList = 91144D341B2A052300C3971A /* Build configuration list for PBXProject "PropertyListTest" */;
			compatibilityVersion = "Xcode 3.2";
			developmentRegion = English;
			hasScannedForEncodings = 0;
			knownRegions = (
				en,
				Base,
			);
			mainGroup = 91144D301B2A052300C3971A;
			productRefGroup = 91144D3A1B2A052300C3971A /* Products */;
			projectDirPath = "";
			projectRoot = "";
			targets = (
				91144D381B2A052300C3971A /* PropertyListTest */,
			);
		};
/* End PBXProject section */

/* Begin PBXResourcesBuildPhase section */
		91144D371B2A052300C3971A /* Resources */ = {
			isa = PBXResourcesBuildPhase;
			buildActionMask = 2147483647;
			files = (
				91144D471B2A052300C3971A /* LaunchScreen.storyboard in Resources */,
				91144D441B2A052300C3971A /* Assets.xcassets in Resources */,
				91144D421B2A052300C3971A /* Main.storyboard in Resources */,
			);
			runOnlyForDeploymentPostprocessing = 0;
		};
/* End PBXResourcesBuildPhase section */

/* Begin PBXSourcesBuildPhase section */
		91144D351B2A052300C3971A /* Sources */ = {
			isa = PBXSourcesBuildPhase;
			buildActionMask = 2147483647;
			files = (
				91144D3F1B2A052300C3971A /* ViewController.swift in Sources */,
				91144D3D1B2A052300C3971A /* AppDelegate.swift in Sources */,
			);
			runOnlyForDeploymentPostprocessing = 0;
		};
/* End PBXSourcesBuildPhase section */

/* Begin PBXVariantGroup section */
		91144D401B2A052300C3971A /* Main.storyboard */ = {
			isa = PBXVariantGroup;
			children = (
				91144D411B2A052300C3971A /* Base */,
			);
			name = Main.storyboard;
			sourceTree = "<group>";
		};
		91144D451B2A052300C3971A /* LaunchScreen.storyboard */ = {
			isa = PBXVariantGroup;
			children = (
				91144D461B2A052300C3971A /* Base */,
			);
			name = LaunchScreen.storyboard;
			sourceTree = "<group>";
		};
/* End PBXVariantGroup section */

/* Begin XCBuildConfiguration section */
		91144D541B2A052300C3971A /* Debug */ = {
			isa = XCBuildConfiguration;
			buildSettings = {
				ALWAYS_SEARCH_USER_PATHS = NO;
				CLANG_CXX_LANGUAGE_STANDARD = "gnu++0x";
				CLANG_CXX_LIBRARY = "libc++";
				CLANG_ENABLE_MODULES = YES;
				CLANG_ENABLE_OBJC_ARC = YES;
				CLANG_WARN_BOOL_CONVERSION = YES;
				CLANG_WARN_CONSTANT_CONVERSION = YES;
				CLANG_WARN_DIRECT_OBJC_ISA_USAGE = YES_ERROR;
				CLANG_WARN_EMPTY_BODY = YES;
				CLANG_WARN_ENUM_CONVERSION = YES;
				CLANG_WARN_INT_CONVERSION = YES;
				CLANG_WARN_OBJC_ROOT_CLASS = YES_ERROR;
				CLANG_WARN_UNREACHABLE_CODE = YES;
				CLANG_WARN__DUPLICATE_METHOD_MATCH = YES;
				"CODE_SIGN_IDENTITY[sdk=iphoneos*]" = "iPhone Developer";
				COPY_PHASE_STRIP = NO;
				DEBUG_INFORMATION_FORMAT = dwarf;
				ENABLE_STRICT_OBJC_MSGSEND = YES;
				ENABLE_TESTABILITY = YES;
				GCC_C_LANGUAGE_STANDARD = gnu99;
				GCC_DYNAMIC_NO_PIC = NO;
				GCC_NO_COMMON_BLOCKS = YES;
				GCC_OPTIMIZATION_LEVEL = 0;
				GCC_PREPROCESSOR_DEFINITIONS = (
					"DEBUG=1",
					"$(inherited)",
				);
				GCC_WARN_64_TO_32_BIT_CONVERSION = YES;
				GCC_WARN_ABOUT_RETURN_TYPE = YES_ERROR;
				GCC_WARN_UNDECLARED_SELECTOR = YES;
				GCC_WARN_UNINITIALIZED_AUTOS = YES_AGGRESSIVE;
				GCC_WARN_UNUSED_FUNCTION = YES;
				GCC_WARN_UNUSED_VARIABLE = YES;
				IPHONEOS_DEPLOYMENT_TARGET = 9.0;
				MTL_ENABLE_DEBUG_INFO = YES;
				ONLY_ACTIVE_ARCH = YES;
				SDKROOT = iphoneos;
				SWIFT_OPTIMIZATION_LEVEL = "-Onone";
			};
			name = Debug;
		};
		91144D551B2A052300C3971A /* Release */ = {
			isa = XCBuildConfiguration;
			buildSettings = {
				ALWAYS_SEARCH_USER_PATHS = NO;
				CLANG_CXX_LANGUAGE_STANDARD = "gnu++0x";
				CLANG_CXX_LIBRARY = "libc++";
				CLANG_ENABLE_MODULES = YES;
				CLANG_ENABLE_OBJC_ARC = YES;
				CLANG_WARN_BOOL_CONVERSION = YES;
				CLANG_WARN_CONSTANT_CONVERSION = YES;
				CLANG_WARN_DIRECT_OBJC_ISA_USAGE = YES_ERROR;
				CLANG_WARN_EMPTY_BODY = YES;
				CLANG_WARN_ENUM_CONVERSION = YES;
				CLANG_WARN_INT_CONVERSION = YES;
				CLANG_WARN_OBJC_ROOT_CLASS = YES_ERROR;
				CLANG_WARN_UNREACHABLE_CODE = YES;
				CLANG_WARN__DUPLICATE_METHOD_MATCH = YES;
				"CODE_SIGN_IDENTITY[sdk=iphoneos*]" = "iPhone Developer";
				COPY_PHASE_STRIP = NO;
				DEBUG_INFORMATION_FORMAT = "dwarf-with-dsym";
				ENABLE_NS_ASSERTIONS = NO;
				ENABLE_STRICT_OBJC_MSGSEND = YES;
				GCC_C_LANGUAGE_STANDARD = gnu99;
				GCC_NO_COMMON_BLOCKS = YES;
				GCC_WARN_64_TO_32_BIT_CONVERSION = YES;
				GCC_WARN_ABOUT_RETURN_TYPE = YES_ERROR;
				GCC_WARN_UNDECLARED_SELECTOR = YES;
				GCC_WARN_UNINITIALIZED_AUTOS = YES_AGGRESSIVE;
				GCC_WARN_UNUSED_FUNCTION = YES;
				GCC_WARN_UNUSED_VARIABLE = YES;
				IPHONEOS_DEPLOYMENT_TARGET = 9.0;
				MTL_ENABLE_DEBUG_INFO = NO;
				SDKROOT = iphoneos;
				VALIDATE_PRODUCT = YES;
			};
			name = Release;
		};
		91144D571B2A052300C3971A /* Debug */ = {
			isa = XCBuildConfiguration;
			buildSettings = {
				ASSETCATALOG_COMPILER_APPICON_NAME = AppIcon;
				INFOPLIST_FILE = PropertyListTest/Info.plist;
				LD_RUNPATH_SEARCH_PATHS = "$(inherited) @executable_path/Frameworks";
				PRODUCT_BUNDLE_IDENTIFIER = com.asmtechnology.PropertyListTest;
				PRODUCT_NAME = "$(TARGET_NAME)";
			};
			name = Debug;
		};
		91144D581B2A052300C3971A /* Release */ = {
			isa = XCBuildConfiguration;
			buildSettings = {
				ASSETCATALOG_COMPILER_APPICON_NAME = AppIcon;
				INFOPLIST_FILE = PropertyListTest/Info.plist;
				LD_RUNPATH_SEARCH_PATHS = "$(inherited) @executable_path/Frameworks";
				PRODUCT_BUNDLE_IDENTIFIER = com.asmtechnology.PropertyListTest;
				PRODUCT_NAME = "$(TARGET_NAME)";
			};
			name = Release;
		};
/* End XCBuildConfiguration section */

/* Begin XCConfigurationList section */
		91144D341B2A052300C3971A /* Build configuration list for PBXProject "PropertyListTest" */ = {
			isa = XCConfigurationList;
			buildConfigurations = (
				91144D541B2A052300C3971A /* Debug */,
				91144D551B2A052300C3971A /* Release */,
			);
			defaultConfigurationIsVisible = 0;
			defaultConfigurationName = Release;
		};
		91144D561B2A052300C3971A /* Build configuration list for PBXNativeTarget "PropertyListTest" */ = {
			isa = XCConfigurationList;
			buildConfigurations = (
				91144D571B2A052300C3971A /* Debug */,
				91144D581B2A052300C3971A /* Release */,
			);
			defaultConfigurationIsVisible = 0;
			defaultConfigurationName = Release;
		};
/* End XCConfigurationList section */
	};
	rootObject = 91144D311B2A052300C3971A /* Project object */;
}
