// !$*UTF8*$!
{
	archiveVersion = 1;
	classes = {
	};
	objectVersion = 46;
	objects = {

/* Begin PBXBuildFile section */
		B1F565C01D2FD6C200355A70 /* AppDelegate.swift in Sources */ = {isa = PBXBuildFile; fileRef = B1F565BF1D2FD6C200355A70 /* AppDelegate.swift */; };
		B1F565C21D2FD6C200355A70 /* ViewController.swift in Sources */ = {isa = PBXBuildFile; fileRef = B1F565C11D2FD6C200355A70 /* ViewController.swift */; };
		B1F565C51D2FD6C200355A70 /* Main.storyboard in Resources */ = {isa = PBXBuildFile; fileRef = B1F565C31D2FD6C200355A70 /* Main.storyboard */; };
		B1F565C71D2FD6C200355A70 /* Assets.xcassets in Resources */ = {isa = PBXBuildFile; fileRef = B1F565C61D2FD6C200355A70 /* Assets.xcassets */; };
		B1F565CA1D2FD6C200355A70 /* LaunchScreen.storyboard in Resources */ = {isa = PBXBuildFile; fileRef = B1F565C81D2FD6C200355A70 /* LaunchScreen.storyboard */; };
		B1F565D21D2FD6C900355A70 /* ReadMe in Resources */ = {isa = PBXBuildFile; fileRef = B1F565D11D2FD6C900355A70 /* ReadMe */; };
/* End PBXBuildFile section */

/* Begin PBXFileReference section */
		B1F565BC1D2FD6C200355A70 /* PushAppCodaDemo.app */ = {isa = PBXFileReference; explicitFileType = wrapper.application; includeInIndex = 0; path = PushAppCodaDemo.app; sourceTree = BUILT_PRODUCTS_DIR; };
		B1F565BF1D2FD6C200355A70 /* AppDelegate.swift */ = {isa = PBXFileReference; lastKnownFileType = sourcecode.swift; path = AppDelegate.swift; sourceTree = "<group>"; };
		B1F565C11D2FD6C200355A70 /* ViewController.swift */ = {isa = PBXFileReference; lastKnownFileType = sourcecode.swift; path = ViewController.swift; sourceTree = "<group>"; };
		B1F565C41D2FD6C200355A70 /* Base */ = {isa = PBXFileReference; lastKnownFileType = file.storyboard; name = Base; path = Base.lproj/Main.storyboard; sourceTree = "<group>"; };
		B1F565C61D2FD6C200355A70 /* Assets.xcassets */ = {isa = PBXFileReference; lastKnownFileType = folder.assetcatalog; path = Assets.xcassets; sourceTree = "<group>"; };
		B1F565C91D2FD6C200355A70 /* Base */ = {isa = PBXFileReference; lastKnownFileType = file.storyboard; name = Base; path = Base.lproj/LaunchScreen.storyboard; sourceTree = "<group>"; };
		B1F565CB1D2FD6C200355A70 /* Info.plist */ = {isa = PBXFileReference; lastKnownFileType = text.plist.xml; path = Info.plist; sourceTree = "<group>"; };
		B1F565D11D2FD6C900355A70 /* ReadMe */ = {isa = PBXFileReference; fileEncoding = 4; lastKnownFileType = text; path = ReadMe; sourceTree = "<group>"; };
/* End PBXFileReference section */

/* Begin PBXFrameworksBuildPhase section */
		B1F565B91D2FD6C200355A70 /* Frameworks */ = {
			isa = PBXFrameworksBuildPhase;
			buildActionMask = 2147483647;
			files = (
			);
			runOnlyForDeploymentPostprocessing = 0;
		};
/* End PBXFrameworksBuildPhase section */

/* Begin PBXGroup section */
		B1F565B31D2FD6C200355A70 = {
			isa = PBXGroup;
			children = (
				B1F565D11D2FD6C900355A70 /* ReadMe */,
				B1F565BE1D2FD6C200355A70 /* PushAppCodaDemo */,
				B1F565BD1D2FD6C200355A70 /* Products */,
			);
			sourceTree = "<group>";
		};
		B1F565BD1D2FD6C200355A70 /* Products */ = {
			isa = PBXGroup;
			children = (
				B1F565BC1D2FD6C200355A70 /* PushAppCodaDemo.app */,
			);
			name = Products;
			sourceTree = "<group>";
		};
		B1F565BE1D2FD6C200355A70 /* PushAppCodaDemo */ = {
			isa = PBXGroup;
			children = (
				B1F565BF1D2FD6C200355A70 /* AppDelegate.swift */,
				B1F565C11D2FD6C200355A70 /* ViewController.swift */,
				B1F565C31D2FD6C200355A70 /* Main.storyboard */,
				B1F565C61D2FD6C200355A70 /* Assets.xcassets */,
				B1F565C81D2FD6C200355A70 /* LaunchScreen.storyboard */,
				B1F565CB1D2FD6C200355A70 /* Info.plist */,
			);
			path = PushAppCodaDemo;
			sourceTree = "<group>";
		};
/* End PBXGroup section */

/* Begin PBXNativeTarget section */
		B1F565BB1D2FD6C200355A70 /* PushAppCodaDemo */ = {
			isa = PBXNativeTarget;
			buildConfigurationList = B1F565CE1D2FD6C200355A70 /* Build configuration list for PBXNativeTarget "PushAppCodaDemo" */;
			buildPhases = (
				B1F565B81D2FD6C200355A70 /* Sources */,
				B1F565B91D2FD6C200355A70 /* Frameworks */,
				B1F565BA1D2FD6C200355A70 /* Resources */,
			);
			buildRules = (
			);
			dependencies = (
			);
			name = PushAppCodaDemo;
			productName = PushAppCodaDemo;
			productReference = B1F565BC1D2FD6C200355A70 /* PushAppCodaDemo.app */;
			productType = "com.apple.product-type.application";
		};
/* End PBXNativeTarget section */

/* Begin PBXProject section */
		B1F565B41D2FD6C200355A70 /* Project object */ = {
			isa = PBXProject;
			attributes = {
				LastSwiftUpdateCheck = 0730;
				LastUpgradeCheck = 0730;
				ORGANIZATIONNAME = msm72;
				TargetAttributes = {
					B1F565BB1D2FD6C200355A70 = {
						CreatedOnToolsVersion = 7.3;
						DevelopmentTeam = HU8ZS7UX2R;
						SystemCapabilities = {
							com.apple.BackgroundModes = {
								enabled = 1;
							};
							com.apple.Push = {
								enabled = 1;
							};
						};
					};
				};
			};
			buildConfigurationList = B1F565B71D2FD6C200355A70 /* Build configuration list for PBXProject "PushAppCodaDemo" */;
			compatibilityVersion = "Xcode 3.2";
			developmentRegion = English;
			hasScannedForEncodings = 0;
			knownRegions = (
				en,
				Base,
			);
			mainGroup = B1F565B31D2FD6C200355A70;
			productRefGroup = B1F565BD1D2FD6C200355A70 /* Products */;
			projectDirPath = "";
			projectRoot = "";
			targets = (
				B1F565BB1D2FD6C200355A70 /* PushAppCodaDemo */,
			);
		};
/* End PBXProject section */

/* Begin PBXResourcesBuildPhase section */
		B1F565BA1D2FD6C200355A70 /* Resources */ = {
			isa = PBXResourcesBuildPhase;
			buildActionMask = 2147483647;
			files = (
				B1F565D21D2FD6C900355A70 /* ReadMe in Resources */,
				B1F565CA1D2FD6C200355A70 /* LaunchScreen.storyboard in Resources */,
				B1F565C71D2FD6C200355A70 /* Assets.xcassets in Resources */,
				B1F565C51D2FD6C200355A70 /* Main.storyboard in Resources */,
			);
			runOnlyForDeploymentPostprocessing = 0;
		};
/* End PBXResourcesBuildPhase section */

/* Begin PBXSourcesBuildPhase section */
		B1F565B81D2FD6C200355A70 /* Sources */ = {
			isa = PBXSourcesBuildPhase;
			buildActionMask = 2147483647;
			files = (
				B1F565C21D2FD6C200355A70 /* ViewController.swift in Sources */,
				B1F565C01D2FD6C200355A70 /* AppDelegate.swift in Sources */,
			);
			runOnlyForDeploymentPostprocessing = 0;
		};
/* End PBXSourcesBuildPhase section */

/* Begin PBXVariantGroup section */
		B1F565C31D2FD6C200355A70 /* Main.storyboard */ = {
			isa = PBXVariantGroup;
			children = (
				B1F565C41D2FD6C200355A70 /* Base */,
			);
			name = Main.storyboard;
			sourceTree = "<group>";
		};
		B1F565C81D2FD6C200355A70 /* LaunchScreen.storyboard */ = {
			isa = PBXVariantGroup;
			children = (
				B1F565C91D2FD6C200355A70 /* Base */,
			);
			name = LaunchScreen.storyboard;
			sourceTree = "<group>";
		};
/* End PBXVariantGroup section */

/* Begin XCBuildConfiguration section */
		B1F565CC1D2FD6C200355A70 /* Debug */ = {
			isa = XCBuildConfiguration;
			buildSettings = {
				ALWAYS_SEARCH_USER_PATHS = NO;
				CLANG_ANALYZER_NONNULL = YES;
				CLANG_CXX_LANGUAGE_STANDARD = "gnu++0x";
				CLANG_CXX_LIBRARY = "libc++";
				CLANG_ENABLE_MODULES = YES;
				CLANG_ENABLE_OBJC_ARC = YES;
				CLANG_WARN_BOOL_CONVERSION = YES;
				CLANG_WARN_CONSTANT_CONVERSION = YES;
				CLANG_WARN_DIRECT_OBJC_ISA_USAGE = YES_ERROR;
				CLANG_WARN_EMPTY_BODY = YES;
				CLANG_WARN_ENUM_CONVERSION = YES;
				CLANG_WARN_INT_CONVERSION = YES;
				CLANG_WARN_OBJC_ROOT_CLASS = YES_ERROR;
				CLANG_WARN_UNREACHABLE_CODE = YES;
				CLANG_WARN__DUPLICATE_METHOD_MATCH = YES;
				"CODE_SIGN_IDENTITY[sdk=iphoneos*]" = "iPhone Developer";
				COPY_PHASE_STRIP = NO;
				DEBUG_INFORMATION_FORMAT = dwarf;
				ENABLE_STRICT_OBJC_MSGSEND = YES;
				ENABLE_TESTABILITY = YES;
				GCC_C_LANGUAGE_STANDARD = gnu99;
				GCC_DYNAMIC_NO_PIC = NO;
				GCC_NO_COMMON_BLOCKS = YES;
				GCC_OPTIMIZATION_LEVEL = 0;
				GCC_PREPROCESSOR_DEFINITIONS = (
					"DEBUG=1",
					"$(inherited)",
				);
				GCC_WARN_64_TO_32_BIT_CONVERSION = YES;
				GCC_WARN_ABOUT_RETURN_TYPE = YES_ERROR;
				GCC_WARN_UNDECLARED_SELECTOR = YES;
				GCC_WARN_UNINITIALIZED_AUTOS = YES_AGGRESSIVE;
				GCC_WARN_UNUSED_FUNCTION = YES;
				GCC_WARN_UNUSED_VARIABLE = YES;
				IPHONEOS_DEPLOYMENT_TARGET = 9.3;
				MTL_ENABLE_DEBUG_INFO = YES;
				ONLY_ACTIVE_ARCH = YES;
				SDKROOT = iphoneos;
				SWIFT_OPTIMIZATION_LEVEL = "-Onone";
			};
			name = Debug;
		};
		B1F565CD1D2FD6C200355A70 /* Release */ = {
			isa = XCBuildConfiguration;
			buildSettings = {
				ALWAYS_SEARCH_USER_PATHS = NO;
				CLANG_ANALYZER_NONNULL = YES;
				CLANG_CXX_LANGUAGE_STANDARD = "gnu++0x";
				CLANG_CXX_LIBRARY = "libc++";
				CLANG_ENABLE_MODULES = YES;
				CLANG_ENABLE_OBJC_ARC = YES;
				CLANG_WARN_BOOL_CONVERSION = YES;
				CLANG_WARN_CONSTANT_CONVERSION = YES;
				CLANG_WARN_DIRECT_OBJC_ISA_USAGE = YES_ERROR;
				CLANG_WARN_EMPTY_BODY = YES;
				CLANG_WARN_ENUM_CONVERSION = YES;
				CLANG_WARN_INT_CONVERSION = YES;
				CLANG_WARN_OBJC_ROOT_CLASS = YES_ERROR;
				CLANG_WARN_UNREACHABLE_CODE = YES;
				CLANG_WARN__DUPLICATE_METHOD_MATCH = YES;
				"CODE_SIGN_IDENTITY[sdk=iphoneos*]" = "iPhone Developer";
				COPY_PHASE_STRIP = NO;
				DEBUG_INFORMATION_FORMAT = "dwarf-with-dsym";
				ENABLE_NS_ASSERTIONS = NO;
				ENABLE_STRICT_OBJC_MSGSEND = YES;
				GCC_C_LANGUAGE_STANDARD = gnu99;
				GCC_NO_COMMON_BLOCKS = YES;
				GCC_WARN_64_TO_32_BIT_CONVERSION = YES;
				GCC_WARN_ABOUT_RETURN_TYPE = YES_ERROR;
				GCC_WARN_UNDECLARED_SELECTOR = YES;
				GCC_WARN_UNINITIALIZED_AUTOS = YES_AGGRESSIVE;
				GCC_WARN_UNUSED_FUNCTION = YES;
				GCC_WARN_UNUSED_VARIABLE = YES;
				IPHONEOS_DEPLOYMENT_TARGET = 9.3;
				MTL_ENABLE_DEBUG_INFO = NO;
				SDKROOT = iphoneos;
				VALIDATE_PRODUCT = YES;
			};
			name = Release;
		};
		B1F565CF1D2FD6C200355A70 /* Debug */ = {
			isa = XCBuildConfiguration;
			buildSettings = {
				ASSETCATALOG_COMPILER_APPICON_NAME = AppIcon;
				CODE_SIGN_IDENTITY = "iPhone Developer";
				INFOPLIST_FILE = PushAppCodaDemo/Info.plist;
				LD_RUNPATH_SEARCH_PATHS = "$(inherited) @executable_path/Frameworks";
				PRODUCT_BUNDLE_IDENTIFIER = com.stfalcon.PushAppCodaDemo;
				PRODUCT_NAME = "$(TARGET_NAME)";
			};
			name = Debug;
		};
		B1F565D01D2FD6C200355A70 /* Release */ = {
			isa = XCBuildConfiguration;
			buildSettings = {
				ASSETCATALOG_COMPILER_APPICON_NAME = AppIcon;
				CODE_SIGN_IDENTITY = "iPhone Developer";
				INFOPLIST_FILE = PushAppCodaDemo/Info.plist;
				LD_RUNPATH_SEARCH_PATHS = "$(inherited) @executable_path/Frameworks";
				PRODUCT_BUNDLE_IDENTIFIER = com.stfalcon.PushAppCodaDemo;
				PRODUCT_NAME = "$(TARGET_NAME)";
			};
			name = Release;
		};
/* End XCBuildConfiguration section */

/* Begin XCConfigurationList section */
		B1F565B71D2FD6C200355A70 /* Build configuration list for PBXProject "PushAppCodaDemo" */ = {
			isa = XCConfigurationList;
			buildConfigurations = (
				B1F565CC1D2FD6C200355A70 /* Debug */,
				B1F565CD1D2FD6C200355A70 /* Release */,
			);
			defaultConfigurationIsVisible = 0;
			defaultConfigurationName = Release;
		};
		B1F565CE1D2FD6C200355A70 /* Build configuration list for PBXNativeTarget "PushAppCodaDemo" */ = {
			isa = XCConfigurationList;
			buildConfigurations = (
				B1F565CF1D2FD6C200355A70 /* Debug */,
				B1F565D01D2FD6C200355A70 /* Release */,
			);
			defaultConfigurationIsVisible = 0;
		};
/* End XCConfigurationList section */
	};
	rootObject = B1F565B41D2FD6C200355A70 /* Project object */;
}
