// !$*UTF8*$!
{
	archiveVersion = 1;
	classes = {
	};
	objectVersion = 46;
	objects = {

/* Begin PBXBuildFile section */
		91CEE05B1B029E9500D69A54 /* AppDelegate.swift in Sources */ = {isa = PBXBuildFile; fileRef = 91CEE05A1B029E9500D69A54 /* AppDelegate.swift */; };
		91CEE05D1B029E9500D69A54 /* ViewController.swift in Sources */ = {isa = PBXBuildFile; fileRef = 91CEE05C1B029E9500D69A54 /* ViewController.swift */; };
		91CEE0601B029E9500D69A54 /* Main.storyboard in Resources */ = {isa = PBXBuildFile; fileRef = 91CEE05E1B029E9500D69A54 /* Main.storyboard */; };
		91CEE0621B029E9500D69A54 /* Images.xcassets in Resources */ = {isa = PBXBuildFile; fileRef = 91CEE0611B029E9500D69A54 /* Images.xcassets */; };
		91CEE0651B029E9500D69A54 /* LaunchScreen.xib in Resources */ = {isa = PBXBuildFile; fileRef = 91CEE0631B029E9500D69A54 /* LaunchScreen.xib */; };
		91CEE07B1B031BD900D69A54 /* ElementCollectionViewCell.swift in Sources */ = {isa = PBXBuildFile; fileRef = 91CEE07A1B031BD900D69A54 /* ElementCollectionViewCell.swift */; };
/* End PBXBuildFile section */

/* Begin PBXContainerItemProxy section */
		91CEE06B1B029E9500D69A54 /* PBXContainerItemProxy */ = {
			isa = PBXContainerItemProxy;
			containerPortal = 91CEE04D1B029E9500D69A54 /* Project object */;
			proxyType = 1;
			remoteGlobalIDString = 91CEE0541B029E9500D69A54;
			remoteInfo = CollectionViewTest;
		};
/* End PBXContainerItemProxy section */

/* Begin PBXFileReference section */
		91CEE0551B029E9500D69A54 /* CollectionViewTest.app */ = {isa = PBXFileReference; explicitFileType = wrapper.application; includeInIndex = 0; path = CollectionViewTest.app; sourceTree = BUILT_PRODUCTS_DIR; };
		91CEE0591B029E9500D69A54 /* Info.plist */ = {isa = PBXFileReference; lastKnownFileType = text.plist.xml; path = Info.plist; sourceTree = "<group>"; };
		91CEE05A1B029E9500D69A54 /* AppDelegate.swift */ = {isa = PBXFileReference; lastKnownFileType = sourcecode.swift; path = AppDelegate.swift; sourceTree = "<group>"; };
		91CEE05C1B029E9500D69A54 /* ViewController.swift */ = {isa = PBXFileReference; lastKnownFileType = sourcecode.swift; path = ViewController.swift; sourceTree = "<group>"; };
		91CEE05F1B029E9500D69A54 /* Base */ = {isa = PBXFileReference; lastKnownFileType = file.storyboard; name = Base; path = Base.lproj/Main.storyboard; sourceTree = "<group>"; };
		91CEE0611B029E9500D69A54 /* Images.xcassets */ = {isa = PBXFileReference; lastKnownFileType = folder.assetcatalog; path = Images.xcassets; sourceTree = "<group>"; };
		91CEE0641B029E9500D69A54 /* Base */ = {isa = PBXFileReference; lastKnownFileType = file.xib; name = Base; path = Base.lproj/LaunchScreen.xib; sourceTree = "<group>"; };
		91CEE06A1B029E9500D69A54 /* CollectionViewTestTests.xctest */ = {isa = PBXFileReference; explicitFileType = wrapper.cfbundle; includeInIndex = 0; path = CollectionViewTestTests.xctest; sourceTree = BUILT_PRODUCTS_DIR; };
		91CEE07A1B031BD900D69A54 /* ElementCollectionViewCell.swift */ = {isa = PBXFileReference; fileEncoding = 4; lastKnownFileType = sourcecode.swift; path = ElementCollectionViewCell.swift; sourceTree = "<group>"; };
/* End PBXFileReference section */

/* Begin PBXFrameworksBuildPhase section */
		91CEE0521B029E9500D69A54 /* Frameworks */ = {
			isa = PBXFrameworksBuildPhase;
			buildActionMask = 2147483647;
			files = (
			);
			runOnlyForDeploymentPostprocessing = 0;
		};
		91CEE0671B029E9500D69A54 /* Frameworks */ = {
			isa = PBXFrameworksBuildPhase;
			buildActionMask = 2147483647;
			files = (
			);
			runOnlyForDeploymentPostprocessing = 0;
		};
/* End PBXFrameworksBuildPhase section */

/* Begin PBXGroup section */
		91CEE04C1B029E9500D69A54 = {
			isa = PBXGroup;
			children = (
				91CEE0571B029E9500D69A54 /* CollectionViewTest */,
				91CEE0561B029E9500D69A54 /* Products */,
			);
			sourceTree = "<group>";
		};
		91CEE0561B029E9500D69A54 /* Products */ = {
			isa = PBXGroup;
			children = (
				91CEE0551B029E9500D69A54 /* CollectionViewTest.app */,
				91CEE06A1B029E9500D69A54 /* CollectionViewTestTests.xctest */,
			);
			name = Products;
			sourceTree = "<group>";
		};
		91CEE0571B029E9500D69A54 /* CollectionViewTest */ = {
			isa = PBXGroup;
			children = (
				91CEE05A1B029E9500D69A54 /* AppDelegate.swift */,
				91CEE05C1B029E9500D69A54 /* ViewController.swift */,
				91CEE07A1B031BD900D69A54 /* ElementCollectionViewCell.swift */,
				91CEE05E1B029E9500D69A54 /* Main.storyboard */,
				91CEE0631B029E9500D69A54 /* LaunchScreen.xib */,
				91CEE0611B029E9500D69A54 /* Images.xcassets */,
				91CEE0591B029E9500D69A54 /* Info.plist */,
			);
			path = CollectionViewTest;
			sourceTree = "<group>";
		};
/* End PBXGroup section */

/* Begin PBXNativeTarget section */
		91CEE0541B029E9500D69A54 /* CollectionViewTest */ = {
			isa = PBXNativeTarget;
			buildConfigurationList = 91CEE0741B029E9500D69A54 /* Build configuration list for PBXNativeTarget "CollectionViewTest" */;
			buildPhases = (
				91CEE0511B029E9500D69A54 /* Sources */,
				91CEE0521B029E9500D69A54 /* Frameworks */,
				91CEE0531B029E9500D69A54 /* Resources */,
			);
			buildRules = (
			);
			dependencies = (
			);
			name = CollectionViewTest;
			productName = CollectionViewTest;
			productReference = 91CEE0551B029E9500D69A54 /* CollectionViewTest.app */;
			productType = "com.apple.product-type.application";
		};
		91CEE0691B029E9500D69A54 /* CollectionViewTestTests */ = {
			isa = PBXNativeTarget;
			buildConfigurationList = 91CEE0771B029E9500D69A54 /* Build configuration list for PBXNativeTarget "CollectionViewTestTests" */;
			buildPhases = (
				91CEE0661B029E9500D69A54 /* Sources */,
				91CEE0671B029E9500D69A54 /* Frameworks */,
				91CEE0681B029E9500D69A54 /* Resources */,
			);
			buildRules = (
			);
			dependencies = (
				91CEE06C1B029E9500D69A54 /* PBXTargetDependency */,
			);
			name = CollectionViewTestTests;
			productName = CollectionViewTestTests;
			productReference = 91CEE06A1B029E9500D69A54 /* CollectionViewTestTests.xctest */;
			productType = "com.apple.product-type.bundle.unit-test";
		};
/* End PBXNativeTarget section */

/* Begin PBXProject section */
		91CEE04D1B029E9500D69A54 /* Project object */ = {
			isa = PBXProject;
			attributes = {
				LastSwiftMigration = 0710;
				LastSwiftUpdateCheck = 0710;
				LastUpgradeCheck = 0730;
				ORGANIZATIONNAME = "asm technology ltd";
				TargetAttributes = {
					91CEE0541B029E9500D69A54 = {
						CreatedOnToolsVersion = 6.3;
					};
					91CEE0691B029E9500D69A54 = {
						CreatedOnToolsVersion = 6.3;
						TestTargetID = 91CEE0541B029E9500D69A54;
					};
				};
			};
			buildConfigurationList = 91CEE0501B029E9500D69A54 /* Build configuration list for PBXProject "CollectionViewTest" */;
			compatibilityVersion = "Xcode 3.2";
			developmentRegion = English;
			hasScannedForEncodings = 0;
			knownRegions = (
				en,
				Base,
			);
			mainGroup = 91CEE04C1B029E9500D69A54;
			productRefGroup = 91CEE0561B029E9500D69A54 /* Products */;
			projectDirPath = "";
			projectRoot = "";
			targets = (
				91CEE0541B029E9500D69A54 /* CollectionViewTest */,
				91CEE0691B029E9500D69A54 /* CollectionViewTestTests */,
			);
		};
/* End PBXProject section */

/* Begin PBXResourcesBuildPhase section */
		91CEE0531B029E9500D69A54 /* Resources */ = {
			isa = PBXResourcesBuildPhase;
			buildActionMask = 2147483647;
			files = (
				91CEE0601B029E9500D69A54 /* Main.storyboard in Resources */,
				91CEE0651B029E9500D69A54 /* LaunchScreen.xib in Resources */,
				91CEE0621B029E9500D69A54 /* Images.xcassets in Resources */,
			);
			runOnlyForDeploymentPostprocessing = 0;
		};
		91CEE0681B029E9500D69A54 /* Resources */ = {
			isa = PBXResourcesBuildPhase;
			buildActionMask = 2147483647;
			files = (
			);
			runOnlyForDeploymentPostprocessing = 0;
		};
/* End PBXResourcesBuildPhase section */

/* Begin PBXSourcesBuildPhase section */
		91CEE0511B029E9500D69A54 /* Sources */ = {
			isa = PBXSourcesBuildPhase;
			buildActionMask = 2147483647;
			files = (
				91CEE05D1B029E9500D69A54 /* ViewController.swift in Sources */,
				91CEE07B1B031BD900D69A54 /* ElementCollectionViewCell.swift in Sources */,
				91CEE05B1B029E9500D69A54 /* AppDelegate.swift in Sources */,
			);
			runOnlyForDeploymentPostprocessing = 0;
		};
		91CEE0661B029E9500D69A54 /* Sources */ = {
			isa = PBXSourcesBuildPhase;
			buildActionMask = 2147483647;
			files = (
			);
			runOnlyForDeploymentPostprocessing = 0;
		};
/* End PBXSourcesBuildPhase section */

/* Begin PBXTargetDependency section */
		91CEE06C1B029E9500D69A54 /* PBXTargetDependency */ = {
			isa = PBXTargetDependency;
			target = 91CEE0541B029E9500D69A54 /* CollectionViewTest */;
			targetProxy = 91CEE06B1B029E9500D69A54 /* PBXContainerItemProxy */;
		};
/* End PBXTargetDependency section */

/* Begin PBXVariantGroup section */
		91CEE05E1B029E9500D69A54 /* Main.storyboard */ = {
			isa = PBXVariantGroup;
			children = (
				91CEE05F1B029E9500D69A54 /* Base */,
			);
			name = Main.storyboard;
			sourceTree = "<group>";
		};
		91CEE0631B029E9500D69A54 /* LaunchScreen.xib */ = {
			isa = PBXVariantGroup;
			children = (
				91CEE0641B029E9500D69A54 /* Base */,
			);
			name = LaunchScreen.xib;
			sourceTree = "<group>";
		};
/* End PBXVariantGroup section */

/* Begin XCBuildConfiguration section */
		91CEE0721B029E9500D69A54 /* Debug */ = {
			isa = XCBuildConfiguration;
			buildSettings = {
				ALWAYS_SEARCH_USER_PATHS = NO;
				CLANG_CXX_LANGUAGE_STANDARD = "gnu++0x";
				CLANG_CXX_LIBRARY = "libc++";
				CLANG_ENABLE_MODULES = YES;
				CLANG_ENABLE_OBJC_ARC = YES;
				CLANG_WARN_BOOL_CONVERSION = YES;
				CLANG_WARN_CONSTANT_CONVERSION = YES;
				CLANG_WARN_DIRECT_OBJC_ISA_USAGE = YES_ERROR;
				CLANG_WARN_EMPTY_BODY = YES;
				CLANG_WARN_ENUM_CONVERSION = YES;
				CLANG_WARN_INT_CONVERSION = YES;
				CLANG_WARN_OBJC_ROOT_CLASS = YES_ERROR;
				CLANG_WARN_UNREACHABLE_CODE = YES;
				CLANG_WARN__DUPLICATE_METHOD_MATCH = YES;
				"CODE_SIGN_IDENTITY[sdk=iphoneos*]" = "iPhone Developer";
				COPY_PHASE_STRIP = NO;
				DEBUG_INFORMATION_FORMAT = "dwarf-with-dsym";
				ENABLE_STRICT_OBJC_MSGSEND = YES;
				ENABLE_TESTABILITY = YES;
				GCC_C_LANGUAGE_STANDARD = gnu99;
				GCC_DYNAMIC_NO_PIC = NO;
				GCC_NO_COMMON_BLOCKS = YES;
				GCC_OPTIMIZATION_LEVEL = 0;
				GCC_PREPROCESSOR_DEFINITIONS = (
					"DEBUG=1",
					"$(inherited)",
				);
				GCC_SYMBOLS_PRIVATE_EXTERN = NO;
				GCC_WARN_64_TO_32_BIT_CONVERSION = YES;
				GCC_WARN_ABOUT_RETURN_TYPE = YES_ERROR;
				GCC_WARN_UNDECLARED_SELECTOR = YES;
				GCC_WARN_UNINITIALIZED_AUTOS = YES_AGGRESSIVE;
				GCC_WARN_UNUSED_FUNCTION = YES;
				GCC_WARN_UNUSED_VARIABLE = YES;
				IPHONEOS_DEPLOYMENT_TARGET = 8.3;
				MTL_ENABLE_DEBUG_INFO = YES;
				ONLY_ACTIVE_ARCH = YES;
				SDKROOT = iphoneos;
				SWIFT_OPTIMIZATION_LEVEL = "-Onone";
			};
			name = Debug;
		};
		91CEE0731B029E9500D69A54 /* Release */ = {
			isa = XCBuildConfiguration;
			buildSettings = {
				ALWAYS_SEARCH_USER_PATHS = NO;
				CLANG_CXX_LANGUAGE_STANDARD = "gnu++0x";
				CLANG_CXX_LIBRARY = "libc++";
				CLANG_ENABLE_MODULES = YES;
				CLANG_ENABLE_OBJC_ARC = YES;
				CLANG_WARN_BOOL_CONVERSION = YES;
				CLANG_WARN_CONSTANT_CONVERSION = YES;
				CLANG_WARN_DIRECT_OBJC_ISA_USAGE = YES_ERROR;
				CLANG_WARN_EMPTY_BODY = YES;
				CLANG_WARN_ENUM_CONVERSION = YES;
				CLANG_WARN_INT_CONVERSION = YES;
				CLANG_WARN_OBJC_ROOT_CLASS = YES_ERROR;
				CLANG_WARN_UNREACHABLE_CODE = YES;
				CLANG_WARN__DUPLICATE_METHOD_MATCH = YES;
				"CODE_SIGN_IDENTITY[sdk=iphoneos*]" = "iPhone Developer";
				COPY_PHASE_STRIP = NO;
				DEBUG_INFORMATION_FORMAT = "dwarf-with-dsym";
				ENABLE_NS_ASSERTIONS = NO;
				ENABLE_STRICT_OBJC_MSGSEND = YES;
				GCC_C_LANGUAGE_STANDARD = gnu99;
				GCC_NO_COMMON_BLOCKS = YES;
				GCC_WARN_64_TO_32_BIT_CONVERSION = YES;
				GCC_WARN_ABOUT_RETURN_TYPE = YES_ERROR;
				GCC_WARN_UNDECLARED_SELECTOR = YES;
				GCC_WARN_UNINITIALIZED_AUTOS = YES_AGGRESSIVE;
				GCC_WARN_UNUSED_FUNCTION = YES;
				GCC_WARN_UNUSED_VARIABLE = YES;
				IPHONEOS_DEPLOYMENT_TARGET = 8.3;
				MTL_ENABLE_DEBUG_INFO = NO;
				SDKROOT = iphoneos;
				VALIDATE_PRODUCT = YES;
			};
			name = Release;
		};
		91CEE0751B029E9500D69A54 /* Debug */ = {
			isa = XCBuildConfiguration;
			buildSettings = {
				ASSETCATALOG_COMPILER_APPICON_NAME = AppIcon;
				INFOPLIST_FILE = CollectionViewTest/Info.plist;
				LD_RUNPATH_SEARCH_PATHS = "$(inherited) @executable_path/Frameworks";
				PRODUCT_BUNDLE_IDENTIFIER = "com.asmtechnology.$(PRODUCT_NAME:rfc1034identifier)";
				PRODUCT_NAME = "$(TARGET_NAME)";
			};
			name = Debug;
		};
		91CEE0761B029E9500D69A54 /* Release */ = {
			isa = XCBuildConfiguration;
			buildSettings = {
				ASSETCATALOG_COMPILER_APPICON_NAME = AppIcon;
				INFOPLIST_FILE = CollectionViewTest/Info.plist;
				LD_RUNPATH_SEARCH_PATHS = "$(inherited) @executable_path/Frameworks";
				PRODUCT_BUNDLE_IDENTIFIER = "com.asmtechnology.$(PRODUCT_NAME:rfc1034identifier)";
				PRODUCT_NAME = "$(TARGET_NAME)";
			};
			name = Release;
		};
		91CEE0781B029E9500D69A54 /* Debug */ = {
			isa = XCBuildConfiguration;
			buildSettings = {
				BUNDLE_LOADER = "$(TEST_HOST)";
				FRAMEWORK_SEARCH_PATHS = (
					"$(SDKROOT)/Developer/Library/Frameworks",
					"$(inherited)",
				);
				GCC_PREPROCESSOR_DEFINITIONS = (
					"DEBUG=1",
					"$(inherited)",
				);
				INFOPLIST_FILE = CollectionViewTestTests/Info.plist;
				LD_RUNPATH_SEARCH_PATHS = "$(inherited) @executable_path/Frameworks @loader_path/Frameworks";
				PRODUCT_NAME = "$(TARGET_NAME)";
				TEST_HOST = "$(BUILT_PRODUCTS_DIR)/CollectionViewTest.app/CollectionViewTest";
			};
			name = Debug;
		};
		91CEE0791B029E9500D69A54 /* Release */ = {
			isa = XCBuildConfiguration;
			buildSettings = {
				BUNDLE_LOADER = "$(TEST_HOST)";
				FRAMEWORK_SEARCH_PATHS = (
					"$(SDKROOT)/Developer/Library/Frameworks",
					"$(inherited)",
				);
				INFOPLIST_FILE = CollectionViewTestTests/Info.plist;
				LD_RUNPATH_SEARCH_PATHS = "$(inherited) @executable_path/Frameworks @loader_path/Frameworks";
				PRODUCT_NAME = "$(TARGET_NAME)";
				TEST_HOST = "$(BUILT_PRODUCTS_DIR)/CollectionViewTest.app/CollectionViewTest";
			};
			name = Release;
		};
/* End XCBuildConfiguration section */

/* Begin XCConfigurationList section */
		91CEE0501B029E9500D69A54 /* Build configuration list for PBXProject "CollectionViewTest" */ = {
			isa = XCConfigurationList;
			buildConfigurations = (
				91CEE0721B029E9500D69A54 /* Debug */,
				91CEE0731B029E9500D69A54 /* Release */,
			);
			defaultConfigurationIsVisible = 0;
			defaultConfigurationName = Release;
		};
		91CEE0741B029E9500D69A54 /* Build configuration list for PBXNativeTarget "CollectionViewTest" */ = {
			isa = XCConfigurationList;
			buildConfigurations = (
				91CEE0751B029E9500D69A54 /* Debug */,
				91CEE0761B029E9500D69A54 /* Release */,
			);
			defaultConfigurationIsVisible = 0;
			defaultConfigurationName = Release;
		};
		91CEE0771B029E9500D69A54 /* Build configuration list for PBXNativeTarget "CollectionViewTestTests" */ = {
			isa = XCConfigurationList;
			buildConfigurations = (
				91CEE0781B029E9500D69A54 /* Debug */,
				91CEE0791B029E9500D69A54 /* Release */,
			);
			defaultConfigurationIsVisible = 0;
			defaultConfigurationName = Release;
		};
/* End XCConfigurationList section */
	};
	rootObject = 91CEE04D1B029E9500D69A54 /* Project object */;
}
