// !$*UTF8*$!
{
	archiveVersion = 1;
	classes = {
	};
	objectVersion = 46;
	objects = {

/* Begin PBXBuildFile section */
		B1A2C87A1D2A40060087E7A9 /* AppDelegate.swift in Sources */ = {isa = PBXBuildFile; fileRef = B1A2C8791D2A40060087E7A9 /* AppDelegate.swift */; };
		B1A2C87F1D2A40060087E7A9 /* Main.storyboard in Resources */ = {isa = PBXBuildFile; fileRef = B1A2C87D1D2A40060087E7A9 /* Main.storyboard */; };
		B1A2C8811D2A40060087E7A9 /* Assets.xcassets in Resources */ = {isa = PBXBuildFile; fileRef = B1A2C8801D2A40060087E7A9 /* Assets.xcassets */; };
		B1A2C8841D2A40060087E7A9 /* LaunchScreen.storyboard in Resources */ = {isa = PBXBuildFile; fileRef = B1A2C8821D2A40060087E7A9 /* LaunchScreen.storyboard */; };
		B1A2C88C1D2A401D0087E7A9 /* ReadMe in Resources */ = {isa = PBXBuildFile; fileRef = B1A2C88B1D2A401D0087E7A9 /* ReadMe */; };
		B1A2C88E1D2A403E0087E7A9 /* CollectionViewController.swift in Sources */ = {isa = PBXBuildFile; fileRef = B1A2C88D1D2A403E0087E7A9 /* CollectionViewController.swift */; };
		B1A2C8901D2A428E0087E7A9 /* CollectionViewCell.swift in Sources */ = {isa = PBXBuildFile; fileRef = B1A2C88F1D2A428E0087E7A9 /* CollectionViewCell.swift */; };
/* End PBXBuildFile section */

/* Begin PBXFileReference section */
		B1A2C8761D2A40060087E7A9 /* UICollectionViewCircularImages.app */ = {isa = PBXFileReference; explicitFileType = wrapper.application; includeInIndex = 0; path = UICollectionViewCircularImages.app; sourceTree = BUILT_PRODUCTS_DIR; };
		B1A2C8791D2A40060087E7A9 /* AppDelegate.swift */ = {isa = PBXFileReference; lastKnownFileType = sourcecode.swift; path = AppDelegate.swift; sourceTree = "<group>"; };
		B1A2C87E1D2A40060087E7A9 /* Base */ = {isa = PBXFileReference; lastKnownFileType = file.storyboard; name = Base; path = Base.lproj/Main.storyboard; sourceTree = "<group>"; };
		B1A2C8801D2A40060087E7A9 /* Assets.xcassets */ = {isa = PBXFileReference; lastKnownFileType = folder.assetcatalog; path = Assets.xcassets; sourceTree = "<group>"; };
		B1A2C8831D2A40060087E7A9 /* Base */ = {isa = PBXFileReference; lastKnownFileType = file.storyboard; name = Base; path = Base.lproj/LaunchScreen.storyboard; sourceTree = "<group>"; };
		B1A2C8851D2A40060087E7A9 /* Info.plist */ = {isa = PBXFileReference; lastKnownFileType = text.plist.xml; path = Info.plist; sourceTree = "<group>"; };
		B1A2C88B1D2A401D0087E7A9 /* ReadMe */ = {isa = PBXFileReference; fileEncoding = 4; lastKnownFileType = text; path = ReadMe; sourceTree = "<group>"; };
		B1A2C88D1D2A403E0087E7A9 /* CollectionViewController.swift */ = {isa = PBXFileReference; fileEncoding = 4; lastKnownFileType = sourcecode.swift; path = CollectionViewController.swift; sourceTree = "<group>"; };
		B1A2C88F1D2A428E0087E7A9 /* CollectionViewCell.swift */ = {isa = PBXFileReference; fileEncoding = 4; lastKnownFileType = sourcecode.swift; path = CollectionViewCell.swift; sourceTree = "<group>"; };
/* End PBXFileReference section */

/* Begin PBXFrameworksBuildPhase section */
		B1A2C8731D2A40060087E7A9 /* Frameworks */ = {
			isa = PBXFrameworksBuildPhase;
			buildActionMask = 2147483647;
			files = (
			);
			runOnlyForDeploymentPostprocessing = 0;
		};
/* End PBXFrameworksBuildPhase section */

/* Begin PBXGroup section */
		B1A2C86D1D2A40060087E7A9 = {
			isa = PBXGroup;
			children = (
				B1A2C88B1D2A401D0087E7A9 /* ReadMe */,
				B1A2C8781D2A40060087E7A9 /* UICollectionViewCircularImages */,
				B1A2C8771D2A40060087E7A9 /* Products */,
			);
			sourceTree = "<group>";
		};
		B1A2C8771D2A40060087E7A9 /* Products */ = {
			isa = PBXGroup;
			children = (
				B1A2C8761D2A40060087E7A9 /* UICollectionViewCircularImages.app */,
			);
			name = Products;
			sourceTree = "<group>";
		};
		B1A2C8781D2A40060087E7A9 /* UICollectionViewCircularImages */ = {
			isa = PBXGroup;
			children = (
				B1A2C8791D2A40060087E7A9 /* AppDelegate.swift */,
				B1A2C88D1D2A403E0087E7A9 /* CollectionViewController.swift */,
				B1A2C88F1D2A428E0087E7A9 /* CollectionViewCell.swift */,
				B1A2C87D1D2A40060087E7A9 /* Main.storyboard */,
				B1A2C8801D2A40060087E7A9 /* Assets.xcassets */,
				B1A2C8821D2A40060087E7A9 /* LaunchScreen.storyboard */,
				B1A2C8851D2A40060087E7A9 /* Info.plist */,
			);
			path = UICollectionViewCircularImages;
			sourceTree = "<group>";
		};
/* End PBXGroup section */

/* Begin PBXNativeTarget section */
		B1A2C8751D2A40060087E7A9 /* UICollectionViewCircularImages */ = {
			isa = PBXNativeTarget;
			buildConfigurationList = B1A2C8881D2A40060087E7A9 /* Build configuration list for PBXNativeTarget "UICollectionViewCircularImages" */;
			buildPhases = (
				B1A2C8721D2A40060087E7A9 /* Sources */,
				B1A2C8731D2A40060087E7A9 /* Frameworks */,
				B1A2C8741D2A40060087E7A9 /* Resources */,
			);
			buildRules = (
			);
			dependencies = (
			);
			name = UICollectionViewCircularImages;
			productName = UICollectionViewCircularImages;
			productReference = B1A2C8761D2A40060087E7A9 /* UICollectionViewCircularImages.app */;
			productType = "com.apple.product-type.application";
		};
/* End PBXNativeTarget section */

/* Begin PBXProject section */
		B1A2C86E1D2A40060087E7A9 /* Project object */ = {
			isa = PBXProject;
			attributes = {
				LastSwiftUpdateCheck = 0730;
				LastUpgradeCheck = 0730;
				ORGANIZATIONNAME = msm72;
				TargetAttributes = {
					B1A2C8751D2A40060087E7A9 = {
						CreatedOnToolsVersion = 7.3;
					};
				};
			};
			buildConfigurationList = B1A2C8711D2A40060087E7A9 /* Build configuration list for PBXProject "UICollectionViewCircularImages" */;
			compatibilityVersion = "Xcode 3.2";
			developmentRegion = English;
			hasScannedForEncodings = 0;
			knownRegions = (
				en,
				Base,
			);
			mainGroup = B1A2C86D1D2A40060087E7A9;
			productRefGroup = B1A2C8771D2A40060087E7A9 /* Products */;
			projectDirPath = "";
			projectRoot = "";
			targets = (
				B1A2C8751D2A40060087E7A9 /* UICollectionViewCircularImages */,
			);
		};
/* End PBXProject section */

/* Begin PBXResourcesBuildPhase section */
		B1A2C8741D2A40060087E7A9 /* Resources */ = {
			isa = PBXResourcesBuildPhase;
			buildActionMask = 2147483647;
			files = (
				B1A2C88C1D2A401D0087E7A9 /* ReadMe in Resources */,
				B1A2C8841D2A40060087E7A9 /* LaunchScreen.storyboard in Resources */,
				B1A2C8811D2A40060087E7A9 /* Assets.xcassets in Resources */,
				B1A2C87F1D2A40060087E7A9 /* Main.storyboard in Resources */,
			);
			runOnlyForDeploymentPostprocessing = 0;
		};
/* End PBXResourcesBuildPhase section */

/* Begin PBXSourcesBuildPhase section */
		B1A2C8721D2A40060087E7A9 /* Sources */ = {
			isa = PBXSourcesBuildPhase;
			buildActionMask = 2147483647;
			files = (
				B1A2C88E1D2A403E0087E7A9 /* CollectionViewController.swift in Sources */,
				B1A2C87A1D2A40060087E7A9 /* AppDelegate.swift in Sources */,
				B1A2C8901D2A428E0087E7A9 /* CollectionViewCell.swift in Sources */,
			);
			runOnlyForDeploymentPostprocessing = 0;
		};
/* End PBXSourcesBuildPhase section */

/* Begin PBXVariantGroup section */
		B1A2C87D1D2A40060087E7A9 /* Main.storyboard */ = {
			isa = PBXVariantGroup;
			children = (
				B1A2C87E1D2A40060087E7A9 /* Base */,
			);
			name = Main.storyboard;
			sourceTree = "<group>";
		};
		B1A2C8821D2A40060087E7A9 /* LaunchScreen.storyboard */ = {
			isa = PBXVariantGroup;
			children = (
				B1A2C8831D2A40060087E7A9 /* Base */,
			);
			name = LaunchScreen.storyboard;
			sourceTree = "<group>";
		};
/* End PBXVariantGroup section */

/* Begin XCBuildConfiguration section */
		B1A2C8861D2A40060087E7A9 /* Debug */ = {
			isa = XCBuildConfiguration;
			buildSettings = {
				ALWAYS_SEARCH_USER_PATHS = NO;
				CLANG_ANALYZER_NONNULL = YES;
				CLANG_CXX_LANGUAGE_STANDARD = "gnu++0x";
				CLANG_CXX_LIBRARY = "libc++";
				CLANG_ENABLE_MODULES = YES;
				CLANG_ENABLE_OBJC_ARC = YES;
				CLANG_WARN_BOOL_CONVERSION = YES;
				CLANG_WARN_CONSTANT_CONVERSION = YES;
				CLANG_WARN_DIRECT_OBJC_ISA_USAGE = YES_ERROR;
				CLANG_WARN_EMPTY_BODY = YES;
				CLANG_WARN_ENUM_CONVERSION = YES;
				CLANG_WARN_INT_CONVERSION = YES;
				CLANG_WARN_OBJC_ROOT_CLASS = YES_ERROR;
				CLANG_WARN_UNREACHABLE_CODE = YES;
				CLANG_WARN__DUPLICATE_METHOD_MATCH = YES;
				"CODE_SIGN_IDENTITY[sdk=iphoneos*]" = "iPhone Developer";
				COPY_PHASE_STRIP = NO;
				DEBUG_INFORMATION_FORMAT = dwarf;
				ENABLE_STRICT_OBJC_MSGSEND = YES;
				ENABLE_TESTABILITY = YES;
				GCC_C_LANGUAGE_STANDARD = gnu99;
				GCC_DYNAMIC_NO_PIC = NO;
				GCC_NO_COMMON_BLOCKS = YES;
				GCC_OPTIMIZATION_LEVEL = 0;
				GCC_PREPROCESSOR_DEFINITIONS = (
					"DEBUG=1",
					"$(inherited)",
				);
				GCC_WARN_64_TO_32_BIT_CONVERSION = YES;
				GCC_WARN_ABOUT_RETURN_TYPE = YES_ERROR;
				GCC_WARN_UNDECLARED_SELECTOR = YES;
				GCC_WARN_UNINITIALIZED_AUTOS = YES_AGGRESSIVE;
				GCC_WARN_UNUSED_FUNCTION = YES;
				GCC_WARN_UNUSED_VARIABLE = YES;
				IPHONEOS_DEPLOYMENT_TARGET = 9.3;
				MTL_ENABLE_DEBUG_INFO = YES;
				ONLY_ACTIVE_ARCH = YES;
				SDKROOT = iphoneos;
				SWIFT_OPTIMIZATION_LEVEL = "-Onone";
			};
			name = Debug;
		};
		B1A2C8871D2A40060087E7A9 /* Release */ = {
			isa = XCBuildConfiguration;
			buildSettings = {
				ALWAYS_SEARCH_USER_PATHS = NO;
				CLANG_ANALYZER_NONNULL = YES;
				CLANG_CXX_LANGUAGE_STANDARD = "gnu++0x";
				CLANG_CXX_LIBRARY = "libc++";
				CLANG_ENABLE_MODULES = YES;
				CLANG_ENABLE_OBJC_ARC = YES;
				CLANG_WARN_BOOL_CONVERSION = YES;
				CLANG_WARN_CONSTANT_CONVERSION = YES;
				CLANG_WARN_DIRECT_OBJC_ISA_USAGE = YES_ERROR;
				CLANG_WARN_EMPTY_BODY = YES;
				CLANG_WARN_ENUM_CONVERSION = YES;
				CLANG_WARN_INT_CONVERSION = YES;
				CLANG_WARN_OBJC_ROOT_CLASS = YES_ERROR;
				CLANG_WARN_UNREACHABLE_CODE = YES;
				CLANG_WARN__DUPLICATE_METHOD_MATCH = YES;
				"CODE_SIGN_IDENTITY[sdk=iphoneos*]" = "iPhone Developer";
				COPY_PHASE_STRIP = NO;
				DEBUG_INFORMATION_FORMAT = "dwarf-with-dsym";
				ENABLE_NS_ASSERTIONS = NO;
				ENABLE_STRICT_OBJC_MSGSEND = YES;
				GCC_C_LANGUAGE_STANDARD = gnu99;
				GCC_NO_COMMON_BLOCKS = YES;
				GCC_WARN_64_TO_32_BIT_CONVERSION = YES;
				GCC_WARN_ABOUT_RETURN_TYPE = YES_ERROR;
				GCC_WARN_UNDECLARED_SELECTOR = YES;
				GCC_WARN_UNINITIALIZED_AUTOS = YES_AGGRESSIVE;
				GCC_WARN_UNUSED_FUNCTION = YES;
				GCC_WARN_UNUSED_VARIABLE = YES;
				IPHONEOS_DEPLOYMENT_TARGET = 9.3;
				MTL_ENABLE_DEBUG_INFO = NO;
				SDKROOT = iphoneos;
				VALIDATE_PRODUCT = YES;
			};
			name = Release;
		};
		B1A2C8891D2A40060087E7A9 /* Debug */ = {
			isa = XCBuildConfiguration;
			buildSettings = {
				ASSETCATALOG_COMPILER_APPICON_NAME = AppIcon;
				INFOPLIST_FILE = UICollectionViewCircularImages/Info.plist;
				LD_RUNPATH_SEARCH_PATHS = "$(inherited) @executable_path/Frameworks";
				PRODUCT_BUNDLE_IDENTIFIER = com.stfalcon.UICollectionViewCircularImages;
				PRODUCT_NAME = "$(TARGET_NAME)";
			};
			name = Debug;
		};
		B1A2C88A1D2A40060087E7A9 /* Release */ = {
			isa = XCBuildConfiguration;
			buildSettings = {
				ASSETCATALOG_COMPILER_APPICON_NAME = AppIcon;
				INFOPLIST_FILE = UICollectionViewCircularImages/Info.plist;
				LD_RUNPATH_SEARCH_PATHS = "$(inherited) @executable_path/Frameworks";
				PRODUCT_BUNDLE_IDENTIFIER = com.stfalcon.UICollectionViewCircularImages;
				PRODUCT_NAME = "$(TARGET_NAME)";
			};
			name = Release;
		};
/* End XCBuildConfiguration section */

/* Begin XCConfigurationList section */
		B1A2C8711D2A40060087E7A9 /* Build configuration list for PBXProject "UICollectionViewCircularImages" */ = {
			isa = XCConfigurationList;
			buildConfigurations = (
				B1A2C8861D2A40060087E7A9 /* Debug */,
				B1A2C8871D2A40060087E7A9 /* Release */,
			);
			defaultConfigurationIsVisible = 0;
			defaultConfigurationName = Release;
		};
		B1A2C8881D2A40060087E7A9 /* Build configuration list for PBXNativeTarget "UICollectionViewCircularImages" */ = {
			isa = XCConfigurationList;
			buildConfigurations = (
				B1A2C8891D2A40060087E7A9 /* Debug */,
				B1A2C88A1D2A40060087E7A9 /* Release */,
			);
			defaultConfigurationIsVisible = 0;
		};
/* End XCConfigurationList section */
	};
	rootObject = B1A2C86E1D2A40060087E7A9 /* Project object */;
}
