// !$*UTF8*$!
{
	archiveVersion = 1;
	classes = {
	};
	objectVersion = 46;
	objects = {

/* Begin PBXBuildFile section */
		9113CBB31B2F3BD500F9A32A /* AppDelegate.swift in Sources */ = {isa = PBXBuildFile; fileRef = 9113CBB21B2F3BD500F9A32A /* AppDelegate.swift */; };
		9113CBB51B2F3BD500F9A32A /* ViewController.swift in Sources */ = {isa = PBXBuildFile; fileRef = 9113CBB41B2F3BD500F9A32A /* ViewController.swift */; };
		9113CBB81B2F3BD500F9A32A /* Main.storyboard in Resources */ = {isa = PBXBuildFile; fileRef = 9113CBB61B2F3BD500F9A32A /* Main.storyboard */; };
		9113CBBA1B2F3BD500F9A32A /* Assets.xcassets in Resources */ = {isa = PBXBuildFile; fileRef = 9113CBB91B2F3BD500F9A32A /* Assets.xcassets */; };
		9113CBBD1B2F3BD500F9A32A /* LaunchScreen.storyboard in Resources */ = {isa = PBXBuildFile; fileRef = 9113CBBB1B2F3BD500F9A32A /* LaunchScreen.storyboard */; };
		9113CBE11B2F3E4A00F9A32A /* Settings.bundle in Resources */ = {isa = PBXBuildFile; fileRef = 9113CBE01B2F3E4A00F9A32A /* Settings.bundle */; };
/* End PBXBuildFile section */

/* Begin PBXFileReference section */
		9113CBAF1B2F3BD500F9A32A /* SettingsTest.app */ = {isa = PBXFileReference; explicitFileType = wrapper.application; includeInIndex = 0; path = SettingsTest.app; sourceTree = BUILT_PRODUCTS_DIR; };
		9113CBB21B2F3BD500F9A32A /* AppDelegate.swift */ = {isa = PBXFileReference; lastKnownFileType = sourcecode.swift; path = AppDelegate.swift; sourceTree = "<group>"; };
		9113CBB41B2F3BD500F9A32A /* ViewController.swift */ = {isa = PBXFileReference; lastKnownFileType = sourcecode.swift; path = ViewController.swift; sourceTree = "<group>"; };
		9113CBB71B2F3BD500F9A32A /* Base */ = {isa = PBXFileReference; lastKnownFileType = file.storyboard; name = Base; path = Base.lproj/Main.storyboard; sourceTree = "<group>"; };
		9113CBB91B2F3BD500F9A32A /* Assets.xcassets */ = {isa = PBXFileReference; lastKnownFileType = folder.assetcatalog; path = Assets.xcassets; sourceTree = "<group>"; };
		9113CBBC1B2F3BD500F9A32A /* Base */ = {isa = PBXFileReference; lastKnownFileType = file.storyboard; name = Base; path = Base.lproj/LaunchScreen.storyboard; sourceTree = "<group>"; };
		9113CBBE1B2F3BD500F9A32A /* Info.plist */ = {isa = PBXFileReference; lastKnownFileType = text.plist.xml; path = Info.plist; sourceTree = "<group>"; };
		9113CBE01B2F3E4A00F9A32A /* Settings.bundle */ = {isa = PBXFileReference; lastKnownFileType = "wrapper.plug-in"; path = Settings.bundle; sourceTree = "<group>"; };
/* End PBXFileReference section */

/* Begin PBXFrameworksBuildPhase section */
		9113CBAC1B2F3BD500F9A32A /* Frameworks */ = {
			isa = PBXFrameworksBuildPhase;
			buildActionMask = 2147483647;
			files = (
			);
			runOnlyForDeploymentPostprocessing = 0;
		};
/* End PBXFrameworksBuildPhase section */

/* Begin PBXGroup section */
		9113CBA61B2F3BD500F9A32A = {
			isa = PBXGroup;
			children = (
				9113CBB11B2F3BD500F9A32A /* SettingsTest */,
				9113CBB01B2F3BD500F9A32A /* Products */,
			);
			sourceTree = "<group>";
		};
		9113CBB01B2F3BD500F9A32A /* Products */ = {
			isa = PBXGroup;
			children = (
				9113CBAF1B2F3BD500F9A32A /* SettingsTest.app */,
			);
			name = Products;
			sourceTree = "<group>";
		};
		9113CBB11B2F3BD500F9A32A /* SettingsTest */ = {
			isa = PBXGroup;
			children = (
				9113CBB21B2F3BD500F9A32A /* AppDelegate.swift */,
				9113CBB41B2F3BD500F9A32A /* ViewController.swift */,
				9113CBB61B2F3BD500F9A32A /* Main.storyboard */,
				9113CBBB1B2F3BD500F9A32A /* LaunchScreen.storyboard */,
				9113CBB91B2F3BD500F9A32A /* Assets.xcassets */,
				9113CBBE1B2F3BD500F9A32A /* Info.plist */,
				9113CBE01B2F3E4A00F9A32A /* Settings.bundle */,
			);
			path = SettingsTest;
			sourceTree = "<group>";
		};
/* End PBXGroup section */

/* Begin PBXNativeTarget section */
		9113CBAE1B2F3BD500F9A32A /* SettingsTest */ = {
			isa = PBXNativeTarget;
			buildConfigurationList = 9113CBD71B2F3BD500F9A32A /* Build configuration list for PBXNativeTarget "SettingsTest" */;
			buildPhases = (
				9113CBAB1B2F3BD500F9A32A /* Sources */,
				9113CBAC1B2F3BD500F9A32A /* Frameworks */,
				9113CBAD1B2F3BD500F9A32A /* Resources */,
			);
			buildRules = (
			);
			dependencies = (
			);
			name = SettingsTest;
			productName = SettingsTest;
			productReference = 9113CBAF1B2F3BD500F9A32A /* SettingsTest.app */;
			productType = "com.apple.product-type.application";
		};
/* End PBXNativeTarget section */

/* Begin PBXProject section */
		9113CBA71B2F3BD500F9A32A /* Project object */ = {
			isa = PBXProject;
			attributes = {
				LastUpgradeCheck = 0700;
				ORGANIZATIONNAME = "asm technology ltd";
				TargetAttributes = {
					9113CBAE1B2F3BD500F9A32A = {
						CreatedOnToolsVersion = 7.0;
					};
				};
			};
			buildConfigurationList = 9113CBAA1B2F3BD500F9A32A /* Build configuration list for PBXProject "SettingsTest" */;
			compatibilityVersion = "Xcode 3.2";
			developmentRegion = English;
			hasScannedForEncodings = 0;
			knownRegions = (
				en,
				Base,
			);
			mainGroup = 9113CBA61B2F3BD500F9A32A;
			productRefGroup = 9113CBB01B2F3BD500F9A32A /* Products */;
			projectDirPath = "";
			projectRoot = "";
			targets = (
				9113CBAE1B2F3BD500F9A32A /* SettingsTest */,
			);
		};
/* End PBXProject section */

/* Begin PBXResourcesBuildPhase section */
		9113CBAD1B2F3BD500F9A32A /* Resources */ = {
			isa = PBXResourcesBuildPhase;
			buildActionMask = 2147483647;
			files = (
				9113CBE11B2F3E4A00F9A32A /* Settings.bundle in Resources */,
				9113CBBD1B2F3BD500F9A32A /* LaunchScreen.storyboard in Resources */,
				9113CBBA1B2F3BD500F9A32A /* Assets.xcassets in Resources */,
				9113CBB81B2F3BD500F9A32A /* Main.storyboard in Resources */,
			);
			runOnlyForDeploymentPostprocessing = 0;
		};
/* End PBXResourcesBuildPhase section */

/* Begin PBXSourcesBuildPhase section */
		9113CBAB1B2F3BD500F9A32A /* Sources */ = {
			isa = PBXSourcesBuildPhase;
			buildActionMask = 2147483647;
			files = (
				9113CBB51B2F3BD500F9A32A /* ViewController.swift in Sources */,
				9113CBB31B2F3BD500F9A32A /* AppDelegate.swift in Sources */,
			);
			runOnlyForDeploymentPostprocessing = 0;
		};
/* End PBXSourcesBuildPhase section */

/* Begin PBXVariantGroup section */
		9113CBB61B2F3BD500F9A32A /* Main.storyboard */ = {
			isa = PBXVariantGroup;
			children = (
				9113CBB71B2F3BD500F9A32A /* Base */,
			);
			name = Main.storyboard;
			sourceTree = "<group>";
		};
		9113CBBB1B2F3BD500F9A32A /* LaunchScreen.storyboard */ = {
			isa = PBXVariantGroup;
			children = (
				9113CBBC1B2F3BD500F9A32A /* Base */,
			);
			name = LaunchScreen.storyboard;
			sourceTree = "<group>";
		};
/* End PBXVariantGroup section */

/* Begin XCBuildConfiguration section */
		9113CBD51B2F3BD500F9A32A /* Debug */ = {
			isa = XCBuildConfiguration;
			buildSettings = {
				ALWAYS_SEARCH_USER_PATHS = NO;
				CLANG_CXX_LANGUAGE_STANDARD = "gnu++0x";
				CLANG_CXX_LIBRARY = "libc++";
				CLANG_ENABLE_MODULES = YES;
				CLANG_ENABLE_OBJC_ARC = YES;
				CLANG_WARN_BOOL_CONVERSION = YES;
				CLANG_WARN_CONSTANT_CONVERSION = YES;
				CLANG_WARN_DIRECT_OBJC_ISA_USAGE = YES_ERROR;
				CLANG_WARN_EMPTY_BODY = YES;
				CLANG_WARN_ENUM_CONVERSION = YES;
				CLANG_WARN_INT_CONVERSION = YES;
				CLANG_WARN_OBJC_ROOT_CLASS = YES_ERROR;
				CLANG_WARN_UNREACHABLE_CODE = YES;
				CLANG_WARN__DUPLICATE_METHOD_MATCH = YES;
				"CODE_SIGN_IDENTITY[sdk=iphoneos*]" = "iPhone Developer";
				COPY_PHASE_STRIP = NO;
				DEBUG_INFORMATION_FORMAT = dwarf;
				ENABLE_STRICT_OBJC_MSGSEND = YES;
				ENABLE_TESTABILITY = YES;
				GCC_C_LANGUAGE_STANDARD = gnu99;
				GCC_DYNAMIC_NO_PIC = NO;
				GCC_NO_COMMON_BLOCKS = YES;
				GCC_OPTIMIZATION_LEVEL = 0;
				GCC_PREPROCESSOR_DEFINITIONS = (
					"DEBUG=1",
					"$(inherited)",
				);
				GCC_WARN_64_TO_32_BIT_CONVERSION = YES;
				GCC_WARN_ABOUT_RETURN_TYPE = YES_ERROR;
				GCC_WARN_UNDECLARED_SELECTOR = YES;
				GCC_WARN_UNINITIALIZED_AUTOS = YES_AGGRESSIVE;
				GCC_WARN_UNUSED_FUNCTION = YES;
				GCC_WARN_UNUSED_VARIABLE = YES;
				IPHONEOS_DEPLOYMENT_TARGET = 9.0;
				MTL_ENABLE_DEBUG_INFO = YES;
				ONLY_ACTIVE_ARCH = YES;
				SDKROOT = iphoneos;
				SWIFT_OPTIMIZATION_LEVEL = "-Onone";
			};
			name = Debug;
		};
		9113CBD61B2F3BD500F9A32A /* Release */ = {
			isa = XCBuildConfiguration;
			buildSettings = {
				ALWAYS_SEARCH_USER_PATHS = NO;
				CLANG_CXX_LANGUAGE_STANDARD = "gnu++0x";
				CLANG_CXX_LIBRARY = "libc++";
				CLANG_ENABLE_MODULES = YES;
				CLANG_ENABLE_OBJC_ARC = YES;
				CLANG_WARN_BOOL_CONVERSION = YES;
				CLANG_WARN_CONSTANT_CONVERSION = YES;
				CLANG_WARN_DIRECT_OBJC_ISA_USAGE = YES_ERROR;
				CLANG_WARN_EMPTY_BODY = YES;
				CLANG_WARN_ENUM_CONVERSION = YES;
				CLANG_WARN_INT_CONVERSION = YES;
				CLANG_WARN_OBJC_ROOT_CLASS = YES_ERROR;
				CLANG_WARN_UNREACHABLE_CODE = YES;
				CLANG_WARN__DUPLICATE_METHOD_MATCH = YES;
				"CODE_SIGN_IDENTITY[sdk=iphoneos*]" = "iPhone Developer";
				COPY_PHASE_STRIP = NO;
				DEBUG_INFORMATION_FORMAT = "dwarf-with-dsym";
				ENABLE_NS_ASSERTIONS = NO;
				ENABLE_STRICT_OBJC_MSGSEND = YES;
				GCC_C_LANGUAGE_STANDARD = gnu99;
				GCC_NO_COMMON_BLOCKS = YES;
				GCC_WARN_64_TO_32_BIT_CONVERSION = YES;
				GCC_WARN_ABOUT_RETURN_TYPE = YES_ERROR;
				GCC_WARN_UNDECLARED_SELECTOR = YES;
				GCC_WARN_UNINITIALIZED_AUTOS = YES_AGGRESSIVE;
				GCC_WARN_UNUSED_FUNCTION = YES;
				GCC_WARN_UNUSED_VARIABLE = YES;
				IPHONEOS_DEPLOYMENT_TARGET = 9.0;
				MTL_ENABLE_DEBUG_INFO = NO;
				SDKROOT = iphoneos;
				VALIDATE_PRODUCT = YES;
			};
			name = Release;
		};
		9113CBD81B2F3BD500F9A32A /* Debug */ = {
			isa = XCBuildConfiguration;
			buildSettings = {
				ASSETCATALOG_COMPILER_APPICON_NAME = AppIcon;
				INFOPLIST_FILE = SettingsTest/Info.plist;
				LD_RUNPATH_SEARCH_PATHS = "$(inherited) @executable_path/Frameworks";
				PRODUCT_BUNDLE_IDENTIFIER = com.asmtechnology.SettingsTest;
				PRODUCT_NAME = "$(TARGET_NAME)";
			};
			name = Debug;
		};
		9113CBD91B2F3BD500F9A32A /* Release */ = {
			isa = XCBuildConfiguration;
			buildSettings = {
				ASSETCATALOG_COMPILER_APPICON_NAME = AppIcon;
				INFOPLIST_FILE = SettingsTest/Info.plist;
				LD_RUNPATH_SEARCH_PATHS = "$(inherited) @executable_path/Frameworks";
				PRODUCT_BUNDLE_IDENTIFIER = com.asmtechnology.SettingsTest;
				PRODUCT_NAME = "$(TARGET_NAME)";
			};
			name = Release;
		};
/* End XCBuildConfiguration section */

/* Begin XCConfigurationList section */
		9113CBAA1B2F3BD500F9A32A /* Build configuration list for PBXProject "SettingsTest" */ = {
			isa = XCConfigurationList;
			buildConfigurations = (
				9113CBD51B2F3BD500F9A32A /* Debug */,
				9113CBD61B2F3BD500F9A32A /* Release */,
			);
			defaultConfigurationIsVisible = 0;
			defaultConfigurationName = Release;
		};
		9113CBD71B2F3BD500F9A32A /* Build configuration list for PBXNativeTarget "SettingsTest" */ = {
			isa = XCConfigurationList;
			buildConfigurations = (
				9113CBD81B2F3BD500F9A32A /* Debug */,
				9113CBD91B2F3BD500F9A32A /* Release */,
			);
			defaultConfigurationIsVisible = 0;
			defaultConfigurationName = Release;
		};
/* End XCConfigurationList section */
	};
	rootObject = 9113CBA71B2F3BD500F9A32A /* Project object */;
}
